// !$*UTF8*$!
{
	archiveVersion = 1;
	classes = {
	};
	objectVersion = 46;
	objects = {

/* Begin PBXBuildFile section */
		7B12408A15AF10DA006913C3 /* FTWhiteShadowView.m in Sources */ = {isa = PBXBuildFile; fileRef = 7B12408915AF10DA006913C3 /* FTWhiteShadowView.m */; };
		7B201CF815ACC68600D78D23 /* The_College_App.xcdatamodeld in Sources */ = {isa = PBXBuildFile; fileRef = 7B201CF615ACC68600D78D23 /* The_College_App.xcdatamodeld */; };
		7B2C582F15B0AF1600D3845B /* FTCollegeVisitPhotosViewController.m in Sources */ = {isa = PBXBuildFile; fileRef = 7B2C582E15B0AF1600D3845B /* FTCollegeVisitPhotosViewController.m */; };
		7B2C583215B0AF2A00D3845B /* FTCollegeVisitNotesViewController.m in Sources */ = {isa = PBXBuildFile; fileRef = 7B2C583115B0AF2A00D3845B /* FTCollegeVisitNotesViewController.m */; };
		7B2C583415B0B80500D3845B /* navcellactive.png in Resources */ = {isa = PBXBuildFile; fileRef = 7B2C583315B0B80500D3845B /* navcellactive.png */; };
		7B2C583615B0B81600D3845B /* navtopcellactive.png in Resources */ = {isa = PBXBuildFile; fileRef = 7B2C583515B0B81600D3845B /* navtopcellactive.png */; };
		7B2C583815B0B82A00D3845B /* navbottomactive.png in Resources */ = {isa = PBXBuildFile; fileRef = 7B2C583715B0B82A00D3845B /* navbottomactive.png */; };
		7B2C583B15B0BC3D00D3845B /* FTCollegeVisitRatingsViewController.m in Sources */ = {isa = PBXBuildFile; fileRef = 7B2C583A15B0BC3D00D3845B /* FTCollegeVisitRatingsViewController.m */; };
		7B2C583E15B0BD8C00D3845B /* FTCollegeVisitView.m in Sources */ = {isa = PBXBuildFile; fileRef = 7B2C583D15B0BD8C00D3845B /* FTCollegeVisitView.m */; };
		7B2C584015B0BE5500D3845B /* gradesbottomcellactive.png in Resources */ = {isa = PBXBuildFile; fileRef = 7B2C583F15B0BE5500D3845B /* gradesbottomcellactive.png */; };
		7B2C584215B0BE5D00D3845B /* gradestopcellactive.png in Resources */ = {isa = PBXBuildFile; fileRef = 7B2C584115B0BE5D00D3845B /* gradestopcellactive.png */; };
		7B2C584415B0BE6500D3845B /* gradecellactive.png in Resources */ = {isa = PBXBuildFile; fileRef = 7B2C584315B0BE6500D3845B /* gradecellactive.png */; };
		7B35F8FA15ADEE6900EFFFE8 /* FTCollegeInfoViewController.m in Sources */ = {isa = PBXBuildFile; fileRef = 7B35F8F915ADEE6900EFFFE8 /* FTCollegeInfoViewController.m */; };
		7B35F90115ADEFA400EFFFE8 /* FTRangeIndicator.m in Sources */ = {isa = PBXBuildFile; fileRef = 7B35F90015ADEFA400EFFFE8 /* FTRangeIndicator.m */; };
		7B35F90515AE0ACB00EFFFE8 /* activetab.png in Resources */ = {isa = PBXBuildFile; fileRef = 7B35F90415AE0ACB00EFFFE8 /* activetab.png */; };
		7B35F90715AE0B8500EFFFE8 /* info.png in Resources */ = {isa = PBXBuildFile; fileRef = 7B35F90615AE0B8500EFFFE8 /* info.png */; };
		7B35F90915AE274F00EFFFE8 /* MapKit.framework in Frameworks */ = {isa = PBXBuildFile; fileRef = 7B35F90815AE274F00EFFFE8 /* MapKit.framework */; };
		7B35F90D15AE276E00EFFFE8 /* photos.png in Resources */ = {isa = PBXBuildFile; fileRef = 7B35F90C15AE276E00EFFFE8 /* photos.png */; };
		7B35F90F15AE277B00EFFFE8 /* notes.png in Resources */ = {isa = PBXBuildFile; fileRef = 7B35F90E15AE277A00EFFFE8 /* notes.png */; };
		7B35F92115AE303F00EFFFE8 /* Icon.png in Resources */ = {isa = PBXBuildFile; fileRef = 7B35F91915AE303F00EFFFE8 /* Icon.png */; };
		7B35F92315AE303F00EFFFE8 /* iTunesArtwork in Resources */ = {isa = PBXBuildFile; fileRef = 7B35F91B15AE303F00EFFFE8 /* iTunesArtwork */; };
		7B51E36915A8CAF1002F2A2E /* cancel.png in Resources */ = {isa = PBXBuildFile; fileRef = 7B51E36515A8CAF1002F2A2E /* cancel.png */; };
		7B51E36A15A8CAF1002F2A2E /* cancelactive.png in Resources */ = {isa = PBXBuildFile; fileRef = 7B51E36615A8CAF1002F2A2E /* cancelactive.png */; };
		7B51E36B15A8CAF1002F2A2E /* save.png in Resources */ = {isa = PBXBuildFile; fileRef = 7B51E36715A8CAF1002F2A2E /* save.png */; };
		7B51E36C15A8CAF1002F2A2E /* saveactive.png in Resources */ = {isa = PBXBuildFile; fileRef = 7B51E36815A8CAF1002F2A2E /* saveactive.png */; };
		7B51E36F15A8DD0A002F2A2E /* cumulativegpa.png in Resources */ = {isa = PBXBuildFile; fileRef = 7B51E36E15A8DD0A002F2A2E /* cumulativegpa.png */; };
		7B51E37015A8E2A2002F2A2E /* popover.png in Resources */ = {isa = PBXBuildFile; fileRef = 7B62672A15A7781A00A5879C /* popover.png */; };
		7B51E37115A8E2B0002F2A2E /* toparrow.png in Resources */ = {isa = PBXBuildFile; fileRef = 7B62672915A7781A00A5879C /* toparrow.png */; };
		7B51E37515A8EAE1002F2A2E /* gradessinglecell.png in Resources */ = {isa = PBXBuildFile; fileRef = 7B51E37415A8EAE1002F2A2E /* gradessinglecell.png */; };
		7B51E37915A8EDD6002F2A2E /* gradecell.png in Resources */ = {isa = PBXBuildFile; fileRef = 7B51E37815A8EDD6002F2A2E /* gradecell.png */; };
		7B51E37B15A8EF43002F2A2E /* backbutton.png in Resources */ = {isa = PBXBuildFile; fileRef = 7B51E37A15A8EF43002F2A2E /* backbutton.png */; };
		7B51E37F15A8F4C8002F2A2E /* backselect.png in Resources */ = {isa = PBXBuildFile; fileRef = 7B51E37E15A8F4C8002F2A2E /* backselect.png */; };
		7B51E38915A9009F002F2A2E /* achievements.png in Resources */ = {isa = PBXBuildFile; fileRef = 7B51E38115A9009F002F2A2E /* achievements.png */; };
		7B51E38A15A9009F002F2A2E /* collegelist.png in Resources */ = {isa = PBXBuildFile; fileRef = 7B51E38215A9009F002F2A2E /* collegelist.png */; };
		7B51E38B15A9009F002F2A2E /* collegesearch.png in Resources */ = {isa = PBXBuildFile; fileRef = 7B51E38315A9009F002F2A2E /* collegesearch.png */; };
		7B51E38C15A9009F002F2A2E /* essays.png in Resources */ = {isa = PBXBuildFile; fileRef = 7B51E38415A9009F002F2A2E /* essays.png */; };
		7B51E38D15A9009F002F2A2E /* extracurriculars.png in Resources */ = {isa = PBXBuildFile; fileRef = 7B51E38515A9009F002F2A2E /* extracurriculars.png */; };
		7B51E38E15A9009F002F2A2E /* grades.png in Resources */ = {isa = PBXBuildFile; fileRef = 7B51E38615A9009F002F2A2E /* grades.png */; };
		7B51E38F15A9009F002F2A2E /* nearme.png in Resources */ = {isa = PBXBuildFile; fileRef = 7B51E38715A9009F002F2A2E /* nearme.png */; };
		7B51E39015A9009F002F2A2E /* standardized.png in Resources */ = {isa = PBXBuildFile; fileRef = 7B51E38815A9009F002F2A2E /* standardized.png */; };
		7B51E5A015AA4C46002F2A2E /* NSObject+SBJson.m in Sources */ = {isa = PBXBuildFile; fileRef = 7B6266DD15A76BB200A5879C /* NSObject+SBJson.m */; };
		7B51E5A115AA4C46002F2A2E /* SBJsonParser.m in Sources */ = {isa = PBXBuildFile; fileRef = 7B6266E015A76BB200A5879C /* SBJsonParser.m */; };
		7B51E5A215AA4C46002F2A2E /* SBJsonStreamParser.m in Sources */ = {isa = PBXBuildFile; fileRef = 7B6266E215A76BB200A5879C /* SBJsonStreamParser.m */; };
		7B51E5A315AA4C46002F2A2E /* SBJsonStreamParserAccumulator.m in Sources */ = {isa = PBXBuildFile; fileRef = 7B6266E415A76BB200A5879C /* SBJsonStreamParserAccumulator.m */; };
		7B51E5A415AA4C46002F2A2E /* SBJsonStreamParserAdapter.m in Sources */ = {isa = PBXBuildFile; fileRef = 7B6266E615A76BB200A5879C /* SBJsonStreamParserAdapter.m */; };
		7B51E5A515AA4C46002F2A2E /* SBJsonStreamParserState.m in Sources */ = {isa = PBXBuildFile; fileRef = 7B6266E815A76BB200A5879C /* SBJsonStreamParserState.m */; };
		7B51E5A615AA4C46002F2A2E /* SBJsonStreamWriter.m in Sources */ = {isa = PBXBuildFile; fileRef = 7B6266EA15A76BB200A5879C /* SBJsonStreamWriter.m */; };
		7B51E5A715AA4C46002F2A2E /* SBJsonStreamWriterAccumulator.m in Sources */ = {isa = PBXBuildFile; fileRef = 7B6266EC15A76BB200A5879C /* SBJsonStreamWriterAccumulator.m */; };
		7B51E5A815AA4C46002F2A2E /* SBJsonStreamWriterState.m in Sources */ = {isa = PBXBuildFile; fileRef = 7B6266EE15A76BB200A5879C /* SBJsonStreamWriterState.m */; };
		7B51E5A915AA4C46002F2A2E /* SBJsonTokeniser.m in Sources */ = {isa = PBXBuildFile; fileRef = 7B6266F015A76BB200A5879C /* SBJsonTokeniser.m */; };
		7B51E5AA15AA4C46002F2A2E /* SBJsonUTF8Stream.m in Sources */ = {isa = PBXBuildFile; fileRef = 7B6266F215A76BB200A5879C /* SBJsonUTF8Stream.m */; };
		7B51E5AB15AA4C46002F2A2E /* SBJsonWriter.m in Sources */ = {isa = PBXBuildFile; fileRef = 7B6266F415A76BB200A5879C /* SBJsonWriter.m */; };
		7B51E5E715AB2A92002F2A2E /* more.png in Resources */ = {isa = PBXBuildFile; fileRef = 7B51E5E615AB2A92002F2A2E /* more.png */; };
		7B51E5E915AB2A99002F2A2E /* web.png in Resources */ = {isa = PBXBuildFile; fileRef = 7B51E5E815AB2A99002F2A2E /* web.png */; };
		7B51E5EB15AB2AAE002F2A2E /* view.png in Resources */ = {isa = PBXBuildFile; fileRef = 7B51E5EA15AB2AAE002F2A2E /* view.png */; };
		7B51E5F315AB357B002F2A2E /* FTCollegeCellView.m in Sources */ = {isa = PBXBuildFile; fileRef = 7B51E5F215AB357B002F2A2E /* FTCollegeCellView.m */; };
		7B55D08615B5E38500947B2E /* UIImage+ProportionalFill.m in Sources */ = {isa = PBXBuildFile; fileRef = 7B55D08515B5E38500947B2E /* UIImage+ProportionalFill.m */; };
		7B55D08715B5E38D00947B2E /* UIImage+ProportionalFill.m in Sources */ = {isa = PBXBuildFile; fileRef = 7B55D08515B5E38500947B2E /* UIImage+ProportionalFill.m */; };
		7B55D08E15B5E9B200947B2E /* PhotoData.m in Sources */ = {isa = PBXBuildFile; fileRef = 7B55D08D15B5E9B200947B2E /* PhotoData.m */; };
		7B55D09115B5E9B300947B2E /* CampusPhoto.m in Sources */ = {isa = PBXBuildFile; fileRef = 7B55D09015B5E9B300947B2E /* CampusPhoto.m */; };
		7B62667C15A75DDF00A5879C /* UIKit.framework in Frameworks */ = {isa = PBXBuildFile; fileRef = 7B62667B15A75DDF00A5879C /* UIKit.framework */; };
		7B62667E15A75DDF00A5879C /* Foundation.framework in Frameworks */ = {isa = PBXBuildFile; fileRef = 7B62667D15A75DDF00A5879C /* Foundation.framework */; };
		7B62668015A75DDF00A5879C /* CoreGraphics.framework in Frameworks */ = {isa = PBXBuildFile; fileRef = 7B62667F15A75DDF00A5879C /* CoreGraphics.framework */; };
		7B62668215A75DDF00A5879C /* CoreData.framework in Frameworks */ = {isa = PBXBuildFile; fileRef = 7B62668115A75DDF00A5879C /* CoreData.framework */; };
		7B62668815A75DDF00A5879C /* InfoPlist.strings in Resources */ = {isa = PBXBuildFile; fileRef = 7B62668615A75DDF00A5879C /* InfoPlist.strings */; };
		7B62668A15A75DDF00A5879C /* main.m in Sources */ = {isa = PBXBuildFile; fileRef = 7B62668915A75DDF00A5879C /* main.m */; };
		7B62668E15A75DDF00A5879C /* FTAppDelegate.m in Sources */ = {isa = PBXBuildFile; fileRef = 7B62668D15A75DDF00A5879C /* FTAppDelegate.m */; };
		7B62669915A75DDF00A5879C /* SenTestingKit.framework in Frameworks */ = {isa = PBXBuildFile; fileRef = 7B62669815A75DDF00A5879C /* SenTestingKit.framework */; };
		7B62669A15A75DDF00A5879C /* UIKit.framework in Frameworks */ = {isa = PBXBuildFile; fileRef = 7B62667B15A75DDF00A5879C /* UIKit.framework */; };
		7B62669B15A75DDF00A5879C /* Foundation.framework in Frameworks */ = {isa = PBXBuildFile; fileRef = 7B62667D15A75DDF00A5879C /* Foundation.framework */; };
		7B62669C15A75DDF00A5879C /* CoreData.framework in Frameworks */ = {isa = PBXBuildFile; fileRef = 7B62668115A75DDF00A5879C /* CoreData.framework */; };
		7B6266A415A75DDF00A5879C /* InfoPlist.strings in Resources */ = {isa = PBXBuildFile; fileRef = 7B6266A215A75DDF00A5879C /* InfoPlist.strings */; };
		7B6266A715A75DDF00A5879C /* The_College_AppTests.m in Sources */ = {isa = PBXBuildFile; fileRef = 7B6266A615A75DDF00A5879C /* The_College_AppTests.m */; };
		7B6266BE15A75F5000A5879C /* QuartzCore.framework in Frameworks */ = {isa = PBXBuildFile; fileRef = 7B6266BB15A75F1500A5879C /* QuartzCore.framework */; };
		7B6266CA15A7614900A5879C /* FTMasterViewController.m in Sources */ = {isa = PBXBuildFile; fileRef = 7B6266C915A7614900A5879C /* FTMasterViewController.m */; };
		7B6266CE15A7635F00A5879C /* FTCollegeSearchViewController.m in Sources */ = {isa = PBXBuildFile; fileRef = 7B6266CD15A7635F00A5879C /* FTCollegeSearchViewController.m */; };
		7B6266D215A764B100A5879C /* navtopcell.png in Resources */ = {isa = PBXBuildFile; fileRef = 7B6266CF15A764B100A5879C /* navtopcell.png */; };
		7B6266D315A764B100A5879C /* navcell.png in Resources */ = {isa = PBXBuildFile; fileRef = 7B6266D015A764B100A5879C /* navcell.png */; };
		7B6266D415A764B100A5879C /* navbottom.png in Resources */ = {isa = PBXBuildFile; fileRef = 7B6266D115A764B100A5879C /* navbottom.png */; };
		7B6266D715A76B4500A5879C /* whitenavbar.png in Resources */ = {isa = PBXBuildFile; fileRef = 7B6266D515A76B4500A5879C /* whitenavbar.png */; };
		7B6266F515A76BB200A5879C /* NSObject+SBJson.m in Sources */ = {isa = PBXBuildFile; fileRef = 7B6266DD15A76BB200A5879C /* NSObject+SBJson.m */; };
		7B6266F615A76BB200A5879C /* SBJsonParser.m in Sources */ = {isa = PBXBuildFile; fileRef = 7B6266E015A76BB200A5879C /* SBJsonParser.m */; };
		7B6266F715A76BB200A5879C /* SBJsonStreamParser.m in Sources */ = {isa = PBXBuildFile; fileRef = 7B6266E215A76BB200A5879C /* SBJsonStreamParser.m */; };
		7B6266F815A76BB200A5879C /* SBJsonStreamParserAccumulator.m in Sources */ = {isa = PBXBuildFile; fileRef = 7B6266E415A76BB200A5879C /* SBJsonStreamParserAccumulator.m */; };
		7B6266F915A76BB200A5879C /* SBJsonStreamParserAdapter.m in Sources */ = {isa = PBXBuildFile; fileRef = 7B6266E615A76BB200A5879C /* SBJsonStreamParserAdapter.m */; };
		7B6266FA15A76BB200A5879C /* SBJsonStreamParserState.m in Sources */ = {isa = PBXBuildFile; fileRef = 7B6266E815A76BB200A5879C /* SBJsonStreamParserState.m */; };
		7B6266FB15A76BB200A5879C /* SBJsonStreamWriter.m in Sources */ = {isa = PBXBuildFile; fileRef = 7B6266EA15A76BB200A5879C /* SBJsonStreamWriter.m */; };
		7B6266FC15A76BB200A5879C /* SBJsonStreamWriterAccumulator.m in Sources */ = {isa = PBXBuildFile; fileRef = 7B6266EC15A76BB200A5879C /* SBJsonStreamWriterAccumulator.m */; };
		7B6266FD15A76BB200A5879C /* SBJsonStreamWriterState.m in Sources */ = {isa = PBXBuildFile; fileRef = 7B6266EE15A76BB200A5879C /* SBJsonStreamWriterState.m */; };
		7B6266FE15A76BB200A5879C /* SBJsonTokeniser.m in Sources */ = {isa = PBXBuildFile; fileRef = 7B6266F015A76BB200A5879C /* SBJsonTokeniser.m */; };
		7B6266FF15A76BB200A5879C /* SBJsonUTF8Stream.m in Sources */ = {isa = PBXBuildFile; fileRef = 7B6266F215A76BB200A5879C /* SBJsonUTF8Stream.m */; };
		7B62670015A76BB200A5879C /* SBJsonWriter.m in Sources */ = {isa = PBXBuildFile; fileRef = 7B6266F415A76BB200A5879C /* SBJsonWriter.m */; };
		7B62670315A76E8400A5879C /* FTExtracurriclarsViewController.m in Sources */ = {isa = PBXBuildFile; fileRef = 7B62670215A76E8400A5879C /* FTExtracurriclarsViewController.m */; };
		7B62670615A773DC00A5879C /* FTExtracurricularCellView.m in Sources */ = {isa = PBXBuildFile; fileRef = 7B62670515A773DC00A5879C /* FTExtracurricularCellView.m */; };
		7B62671515A7746400A5879C /* GMGridView.m in Sources */ = {isa = PBXBuildFile; fileRef = 7B62670F15A7746400A5879C /* GMGridView.m */; };
		7B62671615A7746400A5879C /* GMGridViewCell.m in Sources */ = {isa = PBXBuildFile; fileRef = 7B62671215A7746400A5879C /* GMGridViewCell.m */; };
		7B62671715A7746400A5879C /* GMGridViewLayoutStrategies.m in Sources */ = {isa = PBXBuildFile; fileRef = 7B62671415A7746400A5879C /* GMGridViewLayoutStrategies.m */; };
		7B62671C15A7746B00A5879C /* UIGestureRecognizer+GMGridViewAdditions.m in Sources */ = {isa = PBXBuildFile; fileRef = 7B62671915A7746B00A5879C /* UIGestureRecognizer+GMGridViewAdditions.m */; };
		7B62671D15A7746B00A5879C /* UIView+GMGridViewAdditions.m in Sources */ = {isa = PBXBuildFile; fileRef = 7B62671B15A7746B00A5879C /* UIView+GMGridViewAdditions.m */; };
		7B62672115A7760C00A5879C /* menu.png in Resources */ = {isa = PBXBuildFile; fileRef = 7B62672015A7760C00A5879C /* menu.png */; };
		7B62672315A7762800A5879C /* menu@2x.png in Resources */ = {isa = PBXBuildFile; fileRef = 7B62672215A7762800A5879C /* menu@2x.png */; };
		7B62672615A776D700A5879C /* FTAddExtracurricularViewController.m in Sources */ = {isa = PBXBuildFile; fileRef = 7B62672515A776D700A5879C /* FTAddExtracurricularViewController.m */; };
		7B62672D15A7781A00A5879C /* toparrow.png in Resources */ = {isa = PBXBuildFile; fileRef = 7B62672915A7781A00A5879C /* toparrow.png */; };
		7B62672E15A7781A00A5879C /* popover.png in Resources */ = {isa = PBXBuildFile; fileRef = 7B62672A15A7781A00A5879C /* popover.png */; };
		7B62672F15A7781A00A5879C /* KSCustomPopoverBackgroundView.m in Sources */ = {isa = PBXBuildFile; fileRef = 7B62672C15A7781A00A5879C /* KSCustomPopoverBackgroundView.m */; };
		7B62673A15A7785100A5879C /* close_x.png in Resources */ = {isa = PBXBuildFile; fileRef = 7B62673915A7785100A5879C /* close_x.png */; };
		7B62673D15A779ED00A5879C /* Extracurricular.m in Sources */ = {isa = PBXBuildFile; fileRef = 7B62673C15A779ED00A5879C /* Extracurricular.m */; };
		7B62673F15A77E9D00A5879C /* FTAddExtracurricularViewController.m in Sources */ = {isa = PBXBuildFile; fileRef = 7B62672515A776D700A5879C /* FTAddExtracurricularViewController.m */; };
		7B62674015A77EA500A5879C /* KSCustomPopoverBackgroundView.m in Sources */ = {isa = PBXBuildFile; fileRef = 7B62672C15A7781A00A5879C /* KSCustomPopoverBackgroundView.m */; };
		7B62674115A77FE400A5879C /* UIGestureRecognizer+GMGridViewAdditions.m in Sources */ = {isa = PBXBuildFile; fileRef = 7B62671915A7746B00A5879C /* UIGestureRecognizer+GMGridViewAdditions.m */; };
		7B62674215A77FE400A5879C /* UIView+GMGridViewAdditions.m in Sources */ = {isa = PBXBuildFile; fileRef = 7B62671B15A7746B00A5879C /* UIView+GMGridViewAdditions.m */; };
		7B62674315A77FE400A5879C /* GMGridView.m in Sources */ = {isa = PBXBuildFile; fileRef = 7B62670F15A7746400A5879C /* GMGridView.m */; };
		7B62674415A77FE400A5879C /* GMGridViewCell.m in Sources */ = {isa = PBXBuildFile; fileRef = 7B62671215A7746400A5879C /* GMGridViewCell.m */; };
		7B62674515A77FE400A5879C /* GMGridViewLayoutStrategies.m in Sources */ = {isa = PBXBuildFile; fileRef = 7B62671415A7746400A5879C /* GMGridViewLayoutStrategies.m */; };
		7B62674615A781D200A5879C /* FTExtracurricularCellView.m in Sources */ = {isa = PBXBuildFile; fileRef = 7B62670515A773DC00A5879C /* FTExtracurricularCellView.m */; };
		7B6AF4A015B5BF9C00BE330F /* Visit.m in Sources */ = {isa = PBXBuildFile; fileRef = 7B6AF49F15B5BF9C00BE330F /* Visit.m */; };
		7B6AF4A915B5C0AC00BE330F /* UIImageToDataTransformer.m in Sources */ = {isa = PBXBuildFile; fileRef = 7B6AF4A815B5C0AC00BE330F /* UIImageToDataTransformer.m */; };
		7B6AF4AD15B5C12100BE330F /* UIImageToDataTransformer.m in Sources */ = {isa = PBXBuildFile; fileRef = 7B6AF4A815B5C0AC00BE330F /* UIImageToDataTransformer.m */; };
		7B75DEBE15AC83CC005A4233 /* collegedata.json in Resources */ = {isa = PBXBuildFile; fileRef = 7B75DEBD15AC83CC005A4233 /* collegedata.json */; };
		7B75DECA15AC91DA005A4233 /* modaltab.png in Resources */ = {isa = PBXBuildFile; fileRef = 7B75DEC915AC91DA005A4233 /* modaltab.png */; };
		7B75DED615ACB0E5005A4233 /* shitty.png in Resources */ = {isa = PBXBuildFile; fileRef = 7B75DED515ACB0E5005A4233 /* shitty.png */; };
		7B7B327A15B47B6300625FA6 /* FTStandardizedTestingViewController.m in Sources */ = {isa = PBXBuildFile; fileRef = 7B7B327915B47B6300625FA6 /* FTStandardizedTestingViewController.m */; };
		7B7B327D15B47C7700625FA6 /* FTRatingsCell.m in Sources */ = {isa = PBXBuildFile; fileRef = 7B7B327C15B47C7700625FA6 /* FTRatingsCell.m */; };
		7B7B327F15B485B400625FA6 /* iphonetab.png in Resources */ = {isa = PBXBuildFile; fileRef = 7B7B327E15B485B400625FA6 /* iphonetab.png */; };
		7B7B328215B48AF100625FA6 /* iphoneactivetab.png in Resources */ = {isa = PBXBuildFile; fileRef = 7B7B328115B48AF100625FA6 /* iphoneactivetab.png */; };
		7B97BD1D15A7C0A100EF7906 /* FTGradesViewController.m in Sources */ = {isa = PBXBuildFile; fileRef = 7B97BD1C15A7C0A100EF7906 /* FTGradesViewController.m */; };
		7B97BD2A15A7C14D00EF7906 /* gradesbottomcell.png in Resources */ = {isa = PBXBuildFile; fileRef = 7B97BD2115A7C14D00EF7906 /* gradesbottomcell.png */; };
		7B97BD2B15A7C14D00EF7906 /* gradestopcell.png in Resources */ = {isa = PBXBuildFile; fileRef = 7B97BD2215A7C14D00EF7906 /* gradestopcell.png */; };
		7B97BD2C15A7C14D00EF7906 /* aphonors.png in Resources */ = {isa = PBXBuildFile; fileRef = 7B97BD2315A7C14D00EF7906 /* aphonors.png */; };
		7B97BD2D15A7C14D00EF7906 /* aphonorsactive.png in Resources */ = {isa = PBXBuildFile; fileRef = 7B97BD2415A7C14D00EF7906 /* aphonorsactive.png */; };
		7B97BD2E15A7C14D00EF7906 /* aphonorsactivetapped.png in Resources */ = {isa = PBXBuildFile; fileRef = 7B97BD2515A7C14D00EF7906 /* aphonorsactivetapped.png */; };
		7B97BD2F15A7C14D00EF7906 /* aphonorstapped.png in Resources */ = {isa = PBXBuildFile; fileRef = 7B97BD2615A7C14D00EF7906 /* aphonorstapped.png */; };
		7B97BD3015A7C14D00EF7906 /* fullcredit.png in Resources */ = {isa = PBXBuildFile; fileRef = 7B97BD2715A7C14D00EF7906 /* fullcredit.png */; };
		7B97BD3115A7C14D00EF7906 /* halfcredit.png in Resources */ = {isa = PBXBuildFile; fileRef = 7B97BD2815A7C14D00EF7906 /* halfcredit.png */; };
		7B97BD3415A7C2F900EF7906 /* FTAddGradeViewController.m in Sources */ = {isa = PBXBuildFile; fileRef = 7B97BD3315A7C2F900EF7906 /* FTAddGradeViewController.m */; };
		7B97BD3515A7C41F00EF7906 /* FTAddGradeViewController.m in Sources */ = {isa = PBXBuildFile; fileRef = 7B97BD3315A7C2F900EF7906 /* FTAddGradeViewController.m */; };
		7B97BD3815A7C4B900EF7906 /* Grade.m in Sources */ = {isa = PBXBuildFile; fileRef = 7B97BD3715A7C4B900EF7906 /* Grade.m */; };
		7BB663AD15AF220200428A64 /* CoreLocation.framework in Frameworks */ = {isa = PBXBuildFile; fileRef = 7BB663AC15AF220200428A64 /* CoreLocation.framework */; };
		7BB663B215AF237A00428A64 /* FTCollegeVisitViewController.m in Sources */ = {isa = PBXBuildFile; fileRef = 7BB663B115AF237A00428A64 /* FTCollegeVisitViewController.m */; };
		7BB663BE15AF376A00428A64 /* collegedatajuly12.json in Resources */ = {isa = PBXBuildFile; fileRef = 7BB663BD15AF376A00428A64 /* collegedatajuly12.json */; };
		7BB663C215AF39F300428A64 /* iconipad.png in Resources */ = {isa = PBXBuildFile; fileRef = 7BB663C115AF39F300428A64 /* iconipad.png */; };
		7BB663C515AF3A8100428A64 /* College.m in Sources */ = {isa = PBXBuildFile; fileRef = 7BB663C415AF3A8100428A64 /* College.m */; };
		7BCB88A415B49D2B008BA15C /* visitsectionheader.png in Resources */ = {isa = PBXBuildFile; fileRef = 7BCB88A315B49D2B008BA15C /* visitsectionheader.png */; };
		7BCB88A815B4A21F008BA15C /* FTCollegeInfoViewController~ipad.xib in Resources */ = {isa = PBXBuildFile; fileRef = 7BCB88A615B4A21F008BA15C /* FTCollegeInfoViewController~ipad.xib */; };
		7BCB88A915B4A21F008BA15C /* FTCollegeInfoViewController~iphone.xib in Resources */ = {isa = PBXBuildFile; fileRef = 7BCB88A715B4A21F008BA15C /* FTCollegeInfoViewController~iphone.xib */; };
		7BCB88BB15B4B08F008BA15C /* ECSlidingViewController.m in Sources */ = {isa = PBXBuildFile; fileRef = 7BCB88B815B4B08F008BA15C /* ECSlidingViewController.m */; };
		7BCB88BC15B4B08F008BA15C /* UIImage+ImageWithUIView.m in Sources */ = {isa = PBXBuildFile; fileRef = 7BCB88BA15B4B08F008BA15C /* UIImage+ImageWithUIView.m */; };
		7BCB88BD15B4B20E008BA15C /* ECSlidingViewController.m in Sources */ = {isa = PBXBuildFile; fileRef = 7BCB88B815B4B08F008BA15C /* ECSlidingViewController.m */; };
		7BCB88BE15B4B20E008BA15C /* UIImage+ImageWithUIView.m in Sources */ = {isa = PBXBuildFile; fileRef = 7BCB88BA15B4B08F008BA15C /* UIImage+ImageWithUIView.m */; };
		7BCB88C115B4B2A3008BA15C /* InitialSlidingViewController.m in Sources */ = {isa = PBXBuildFile; fileRef = 7BCB88C015B4B2A3008BA15C /* InitialSlidingViewController.m */; };
		7BCB88C215B4B2FA008BA15C /* InitialSlidingViewController.m in Sources */ = {isa = PBXBuildFile; fileRef = 7BCB88C015B4B2A3008BA15C /* InitialSlidingViewController.m */; };
		7BCB88C515B4B7C5008BA15C /* FTNavigationCell.m in Sources */ = {isa = PBXBuildFile; fileRef = 7BCB88C415B4B7C5008BA15C /* FTNavigationCell.m */; };
		7BCB88C815B4BF44008BA15C /* FTNavigationHeader.m in Sources */ = {isa = PBXBuildFile; fileRef = 7BCB88C715B4BF44008BA15C /* FTNavigationHeader.m */; };
		7BCB88CA15B4C7A3008BA15C /* blacknavbar.png in Resources */ = {isa = PBXBuildFile; fileRef = 7BCB88C915B4C7A3008BA15C /* blacknavbar.png */; };
		7BF04A7115AF988B00DFBA2A /* iphoneicon2x.png in Resources */ = {isa = PBXBuildFile; fileRef = 7BF04A7015AF988B00DFBA2A /* iphoneicon2x.png */; };
/* End PBXBuildFile section */

/* Begin PBXContainerItemProxy section */
		7B62669D15A75DDF00A5879C /* PBXContainerItemProxy */ = {
			isa = PBXContainerItemProxy;
			containerPortal = 7B62666E15A75DDF00A5879C /* Project object */;
			proxyType = 1;
			remoteGlobalIDString = 7B62667615A75DDF00A5879C;
			remoteInfo = "The College App";
		};
/* End PBXContainerItemProxy section */

/* Begin PBXFileReference section */
		7B12408815AF10DA006913C3 /* FTWhiteShadowView.h */ = {isa = PBXFileReference; fileEncoding = 4; lastKnownFileType = sourcecode.c.h; path = FTWhiteShadowView.h; sourceTree = "<group>"; };
		7B12408915AF10DA006913C3 /* FTWhiteShadowView.m */ = {isa = PBXFileReference; fileEncoding = 4; lastKnownFileType = sourcecode.c.objc; path = FTWhiteShadowView.m; sourceTree = "<group>"; };
		7B201CF715ACC68600D78D23 /* The_College_App.xcdatamodel */ = {isa = PBXFileReference; lastKnownFileType = wrapper.xcdatamodel; path = The_College_App.xcdatamodel; sourceTree = "<group>"; };
		7B2C582D15B0AF1600D3845B /* FTCollegeVisitPhotosViewController.h */ = {isa = PBXFileReference; fileEncoding = 4; lastKnownFileType = sourcecode.c.h; path = FTCollegeVisitPhotosViewController.h; sourceTree = "<group>"; };
		7B2C582E15B0AF1600D3845B /* FTCollegeVisitPhotosViewController.m */ = {isa = PBXFileReference; fileEncoding = 4; lastKnownFileType = sourcecode.c.objc; path = FTCollegeVisitPhotosViewController.m; sourceTree = "<group>"; };
		7B2C583015B0AF2A00D3845B /* FTCollegeVisitNotesViewController.h */ = {isa = PBXFileReference; fileEncoding = 4; lastKnownFileType = sourcecode.c.h; path = FTCollegeVisitNotesViewController.h; sourceTree = "<group>"; };
		7B2C583115B0AF2A00D3845B /* FTCollegeVisitNotesViewController.m */ = {isa = PBXFileReference; fileEncoding = 4; lastKnownFileType = sourcecode.c.objc; path = FTCollegeVisitNotesViewController.m; sourceTree = "<group>"; };
		7B2C583315B0B80500D3845B /* navcellactive.png */ = {isa = PBXFileReference; lastKnownFileType = image.png; path = navcellactive.png; sourceTree = "<group>"; };
		7B2C583515B0B81600D3845B /* navtopcellactive.png */ = {isa = PBXFileReference; lastKnownFileType = image.png; path = navtopcellactive.png; sourceTree = "<group>"; };
		7B2C583715B0B82A00D3845B /* navbottomactive.png */ = {isa = PBXFileReference; lastKnownFileType = image.png; path = navbottomactive.png; sourceTree = "<group>"; };
		7B2C583915B0BC3D00D3845B /* FTCollegeVisitRatingsViewController.h */ = {isa = PBXFileReference; fileEncoding = 4; lastKnownFileType = sourcecode.c.h; name = FTCollegeVisitRatingsViewController.h; path = ../FTCollegeVisitRatingsViewController.h; sourceTree = "<group>"; };
		7B2C583A15B0BC3D00D3845B /* FTCollegeVisitRatingsViewController.m */ = {isa = PBXFileReference; fileEncoding = 4; lastKnownFileType = sourcecode.c.objc; name = FTCollegeVisitRatingsViewController.m; path = ../FTCollegeVisitRatingsViewController.m; sourceTree = "<group>"; };
		7B2C583C15B0BD8C00D3845B /* FTCollegeVisitView.h */ = {isa = PBXFileReference; fileEncoding = 4; lastKnownFileType = sourcecode.c.h; path = FTCollegeVisitView.h; sourceTree = "<group>"; };
		7B2C583D15B0BD8C00D3845B /* FTCollegeVisitView.m */ = {isa = PBXFileReference; fileEncoding = 4; lastKnownFileType = sourcecode.c.objc; path = FTCollegeVisitView.m; sourceTree = "<group>"; };
		7B2C583F15B0BE5500D3845B /* gradesbottomcellactive.png */ = {isa = PBXFileReference; lastKnownFileType = image.png; path = gradesbottomcellactive.png; sourceTree = "<group>"; };
		7B2C584115B0BE5D00D3845B /* gradestopcellactive.png */ = {isa = PBXFileReference; lastKnownFileType = image.png; path = gradestopcellactive.png; sourceTree = "<group>"; };
		7B2C584315B0BE6500D3845B /* gradecellactive.png */ = {isa = PBXFileReference; lastKnownFileType = image.png; path = gradecellactive.png; sourceTree = "<group>"; };
		7B35F8F815ADEE6800EFFFE8 /* FTCollegeInfoViewController.h */ = {isa = PBXFileReference; fileEncoding = 4; lastKnownFileType = sourcecode.c.h; path = FTCollegeInfoViewController.h; sourceTree = "<group>"; };
		7B35F8F915ADEE6900EFFFE8 /* FTCollegeInfoViewController.m */ = {isa = PBXFileReference; fileEncoding = 4; lastKnownFileType = sourcecode.c.objc; path = FTCollegeInfoViewController.m; sourceTree = "<group>"; };
		7B35F8FF15ADEFA400EFFFE8 /* FTRangeIndicator.h */ = {isa = PBXFileReference; fileEncoding = 4; lastKnownFileType = sourcecode.c.h; path = FTRangeIndicator.h; sourceTree = "<group>"; };
		7B35F90015ADEFA400EFFFE8 /* FTRangeIndicator.m */ = {isa = PBXFileReference; fileEncoding = 4; lastKnownFileType = sourcecode.c.objc; path = FTRangeIndicator.m; sourceTree = "<group>"; };
		7B35F90415AE0ACB00EFFFE8 /* activetab.png */ = {isa = PBXFileReference; lastKnownFileType = image.png; path = activetab.png; sourceTree = "<group>"; };
		7B35F90615AE0B8500EFFFE8 /* info.png */ = {isa = PBXFileReference; lastKnownFileType = image.png; path = info.png; sourceTree = "<group>"; };
		7B35F90815AE274F00EFFFE8 /* MapKit.framework */ = {isa = PBXFileReference; lastKnownFileType = wrapper.framework; name = MapKit.framework; path = System/Library/Frameworks/MapKit.framework; sourceTree = SDKROOT; };
		7B35F90C15AE276E00EFFFE8 /* photos.png */ = {isa = PBXFileReference; lastKnownFileType = image.png; path = photos.png; sourceTree = "<group>"; };
		7B35F90E15AE277A00EFFFE8 /* notes.png */ = {isa = PBXFileReference; lastKnownFileType = image.png; path = notes.png; sourceTree = "<group>"; };
		7B35F91915AE303F00EFFFE8 /* Icon.png */ = {isa = PBXFileReference; lastKnownFileType = image.png; path = Icon.png; sourceTree = "<group>"; };
		7B35F91B15AE303F00EFFFE8 /* iTunesArtwork */ = {isa = PBXFileReference; lastKnownFileType = file; path = iTunesArtwork; sourceTree = "<group>"; };
		7B51E36515A8CAF1002F2A2E /* cancel.png */ = {isa = PBXFileReference; lastKnownFileType = image.png; path = cancel.png; sourceTree = "<group>"; };
		7B51E36615A8CAF1002F2A2E /* cancelactive.png */ = {isa = PBXFileReference; lastKnownFileType = image.png; path = cancelactive.png; sourceTree = "<group>"; };
		7B51E36715A8CAF1002F2A2E /* save.png */ = {isa = PBXFileReference; lastKnownFileType = image.png; path = save.png; sourceTree = "<group>"; };
		7B51E36815A8CAF1002F2A2E /* saveactive.png */ = {isa = PBXFileReference; lastKnownFileType = image.png; path = saveactive.png; sourceTree = "<group>"; };
		7B51E36E15A8DD0A002F2A2E /* cumulativegpa.png */ = {isa = PBXFileReference; lastKnownFileType = image.png; path = cumulativegpa.png; sourceTree = "<group>"; };
		7B51E37415A8EAE1002F2A2E /* gradessinglecell.png */ = {isa = PBXFileReference; lastKnownFileType = image.png; path = gradessinglecell.png; sourceTree = "<group>"; };
		7B51E37815A8EDD6002F2A2E /* gradecell.png */ = {isa = PBXFileReference; lastKnownFileType = image.png; path = gradecell.png; sourceTree = "<group>"; };
		7B51E37A15A8EF43002F2A2E /* backbutton.png */ = {isa = PBXFileReference; lastKnownFileType = image.png; path = backbutton.png; sourceTree = "<group>"; };
		7B51E37E15A8F4C8002F2A2E /* backselect.png */ = {isa = PBXFileReference; lastKnownFileType = image.png; path = backselect.png; sourceTree = "<group>"; };
		7B51E38115A9009F002F2A2E /* achievements.png */ = {isa = PBXFileReference; lastKnownFileType = image.png; path = achievements.png; sourceTree = "<group>"; };
		7B51E38215A9009F002F2A2E /* collegelist.png */ = {isa = PBXFileReference; lastKnownFileType = image.png; path = collegelist.png; sourceTree = "<group>"; };
		7B51E38315A9009F002F2A2E /* collegesearch.png */ = {isa = PBXFileReference; lastKnownFileType = image.png; path = collegesearch.png; sourceTree = "<group>"; };
		7B51E38415A9009F002F2A2E /* essays.png */ = {isa = PBXFileReference; lastKnownFileType = image.png; path = essays.png; sourceTree = "<group>"; };
		7B51E38515A9009F002F2A2E /* extracurriculars.png */ = {isa = PBXFileReference; lastKnownFileType = image.png; path = extracurriculars.png; sourceTree = "<group>"; };
		7B51E38615A9009F002F2A2E /* grades.png */ = {isa = PBXFileReference; lastKnownFileType = image.png; path = grades.png; sourceTree = "<group>"; };
		7B51E38715A9009F002F2A2E /* nearme.png */ = {isa = PBXFileReference; lastKnownFileType = image.png; path = nearme.png; sourceTree = "<group>"; };
		7B51E38815A9009F002F2A2E /* standardized.png */ = {isa = PBXFileReference; lastKnownFileType = image.png; path = standardized.png; sourceTree = "<group>"; };
		7B51E5E615AB2A92002F2A2E /* more.png */ = {isa = PBXFileReference; lastKnownFileType = image.png; path = more.png; sourceTree = "<group>"; };
		7B51E5E815AB2A99002F2A2E /* web.png */ = {isa = PBXFileReference; lastKnownFileType = image.png; path = web.png; sourceTree = "<group>"; };
		7B51E5EA15AB2AAE002F2A2E /* view.png */ = {isa = PBXFileReference; lastKnownFileType = image.png; path = view.png; sourceTree = "<group>"; };
		7B51E5F115AB357B002F2A2E /* FTCollegeCellView.h */ = {isa = PBXFileReference; fileEncoding = 4; lastKnownFileType = sourcecode.c.h; path = FTCollegeCellView.h; sourceTree = "<group>"; };
		7B51E5F215AB357B002F2A2E /* FTCollegeCellView.m */ = {isa = PBXFileReference; fileEncoding = 4; lastKnownFileType = sourcecode.c.objc; path = FTCollegeCellView.m; sourceTree = "<group>"; };
		7B55D08415B5E38500947B2E /* UIImage+ProportionalFill.h */ = {isa = PBXFileReference; fileEncoding = 4; lastKnownFileType = sourcecode.c.h; path = "UIImage+ProportionalFill.h"; sourceTree = "<group>"; };
		7B55D08515B5E38500947B2E /* UIImage+ProportionalFill.m */ = {isa = PBXFileReference; fileEncoding = 4; lastKnownFileType = sourcecode.c.objc; path = "UIImage+ProportionalFill.m"; sourceTree = "<group>"; };
		7B55D08C15B5E9B200947B2E /* PhotoData.h */ = {isa = PBXFileReference; fileEncoding = 4; lastKnownFileType = sourcecode.c.h; path = PhotoData.h; sourceTree = "<group>"; };
		7B55D08D15B5E9B200947B2E /* PhotoData.m */ = {isa = PBXFileReference; fileEncoding = 4; lastKnownFileType = sourcecode.c.objc; path = PhotoData.m; sourceTree = "<group>"; };
		7B55D08F15B5E9B300947B2E /* CampusPhoto.h */ = {isa = PBXFileReference; fileEncoding = 4; lastKnownFileType = sourcecode.c.h; path = CampusPhoto.h; sourceTree = "<group>"; };
		7B55D09015B5E9B300947B2E /* CampusPhoto.m */ = {isa = PBXFileReference; fileEncoding = 4; lastKnownFileType = sourcecode.c.objc; path = CampusPhoto.m; sourceTree = "<group>"; };
		7B62667715A75DDF00A5879C /* The College App.app */ = {isa = PBXFileReference; explicitFileType = wrapper.application; includeInIndex = 0; path = "The College App.app"; sourceTree = BUILT_PRODUCTS_DIR; };
		7B62667B15A75DDF00A5879C /* UIKit.framework */ = {isa = PBXFileReference; lastKnownFileType = wrapper.framework; name = UIKit.framework; path = System/Library/Frameworks/UIKit.framework; sourceTree = SDKROOT; };
		7B62667D15A75DDF00A5879C /* Foundation.framework */ = {isa = PBXFileReference; lastKnownFileType = wrapper.framework; name = Foundation.framework; path = System/Library/Frameworks/Foundation.framework; sourceTree = SDKROOT; };
		7B62667F15A75DDF00A5879C /* CoreGraphics.framework */ = {isa = PBXFileReference; lastKnownFileType = wrapper.framework; name = CoreGraphics.framework; path = System/Library/Frameworks/CoreGraphics.framework; sourceTree = SDKROOT; };
		7B62668115A75DDF00A5879C /* CoreData.framework */ = {isa = PBXFileReference; lastKnownFileType = wrapper.framework; name = CoreData.framework; path = System/Library/Frameworks/CoreData.framework; sourceTree = SDKROOT; };
		7B62668515A75DDF00A5879C /* The College App-Info.plist */ = {isa = PBXFileReference; lastKnownFileType = text.plist.xml; path = "The College App-Info.plist"; sourceTree = "<group>"; };
		7B62668715A75DDF00A5879C /* en */ = {isa = PBXFileReference; lastKnownFileType = text.plist.strings; name = en; path = en.lproj/InfoPlist.strings; sourceTree = "<group>"; };
		7B62668915A75DDF00A5879C /* main.m */ = {isa = PBXFileReference; lastKnownFileType = sourcecode.c.objc; path = main.m; sourceTree = "<group>"; };
		7B62668B15A75DDF00A5879C /* The College App-Prefix.pch */ = {isa = PBXFileReference; lastKnownFileType = sourcecode.c.h; path = "The College App-Prefix.pch"; sourceTree = "<group>"; };
		7B62668C15A75DDF00A5879C /* FTAppDelegate.h */ = {isa = PBXFileReference; lastKnownFileType = sourcecode.c.h; path = FTAppDelegate.h; sourceTree = "<group>"; };
		7B62668D15A75DDF00A5879C /* FTAppDelegate.m */ = {isa = PBXFileReference; lastKnownFileType = sourcecode.c.objc; path = FTAppDelegate.m; sourceTree = "<group>"; };
		7B62669715A75DDF00A5879C /* The College AppTests.octest */ = {isa = PBXFileReference; explicitFileType = wrapper.cfbundle; includeInIndex = 0; path = "The College AppTests.octest"; sourceTree = BUILT_PRODUCTS_DIR; };
		7B62669815A75DDF00A5879C /* SenTestingKit.framework */ = {isa = PBXFileReference; lastKnownFileType = wrapper.framework; name = SenTestingKit.framework; path = Library/Frameworks/SenTestingKit.framework; sourceTree = DEVELOPER_DIR; };
		7B6266A115A75DDF00A5879C /* The College AppTests-Info.plist */ = {isa = PBXFileReference; lastKnownFileType = text.plist.xml; path = "The College AppTests-Info.plist"; sourceTree = "<group>"; };
		7B6266A315A75DDF00A5879C /* en */ = {isa = PBXFileReference; lastKnownFileType = text.plist.strings; name = en; path = en.lproj/InfoPlist.strings; sourceTree = "<group>"; };
		7B6266A515A75DDF00A5879C /* The_College_AppTests.h */ = {isa = PBXFileReference; lastKnownFileType = sourcecode.c.h; path = The_College_AppTests.h; sourceTree = "<group>"; };
		7B6266A615A75DDF00A5879C /* The_College_AppTests.m */ = {isa = PBXFileReference; lastKnownFileType = sourcecode.c.objc; path = The_College_AppTests.m; sourceTree = "<group>"; };
		7B6266BB15A75F1500A5879C /* QuartzCore.framework */ = {isa = PBXFileReference; lastKnownFileType = wrapper.framework; name = QuartzCore.framework; path = System/Library/Frameworks/QuartzCore.framework; sourceTree = SDKROOT; };
		7B6266C815A7614900A5879C /* FTMasterViewController.h */ = {isa = PBXFileReference; fileEncoding = 4; lastKnownFileType = sourcecode.c.h; path = FTMasterViewController.h; sourceTree = "<group>"; };
		7B6266C915A7614900A5879C /* FTMasterViewController.m */ = {isa = PBXFileReference; fileEncoding = 4; lastKnownFileType = sourcecode.c.objc; path = FTMasterViewController.m; sourceTree = "<group>"; };
		7B6266CC15A7635F00A5879C /* FTCollegeSearchViewController.h */ = {isa = PBXFileReference; fileEncoding = 4; lastKnownFileType = sourcecode.c.h; name = FTCollegeSearchViewController.h; path = ../FTCollegeSearchViewController.h; sourceTree = "<group>"; };
		7B6266CD15A7635F00A5879C /* FTCollegeSearchViewController.m */ = {isa = PBXFileReference; fileEncoding = 4; lastKnownFileType = sourcecode.c.objc; name = FTCollegeSearchViewController.m; path = ../FTCollegeSearchViewController.m; sourceTree = "<group>"; };
		7B6266CF15A764B100A5879C /* navtopcell.png */ = {isa = PBXFileReference; lastKnownFileType = image.png; path = navtopcell.png; sourceTree = "<group>"; };
		7B6266D015A764B100A5879C /* navcell.png */ = {isa = PBXFileReference; lastKnownFileType = image.png; path = navcell.png; sourceTree = "<group>"; };
		7B6266D115A764B100A5879C /* navbottom.png */ = {isa = PBXFileReference; lastKnownFileType = image.png; path = navbottom.png; sourceTree = "<group>"; };
		7B6266D515A76B4500A5879C /* whitenavbar.png */ = {isa = PBXFileReference; lastKnownFileType = image.png; path = whitenavbar.png; sourceTree = "<group>"; };
		7B6266DC15A76BB200A5879C /* NSObject+SBJson.h */ = {isa = PBXFileReference; fileEncoding = 4; lastKnownFileType = sourcecode.c.h; path = "NSObject+SBJson.h"; sourceTree = "<group>"; };
		7B6266DD15A76BB200A5879C /* NSObject+SBJson.m */ = {isa = PBXFileReference; fileEncoding = 4; lastKnownFileType = sourcecode.c.objc; path = "NSObject+SBJson.m"; sourceTree = "<group>"; };
		7B6266DE15A76BB200A5879C /* SBJson.h */ = {isa = PBXFileReference; fileEncoding = 4; lastKnownFileType = sourcecode.c.h; path = SBJson.h; sourceTree = "<group>"; };
		7B6266DF15A76BB200A5879C /* SBJsonParser.h */ = {isa = PBXFileReference; fileEncoding = 4; lastKnownFileType = sourcecode.c.h; path = SBJsonParser.h; sourceTree = "<group>"; };
		7B6266E015A76BB200A5879C /* SBJsonParser.m */ = {isa = PBXFileReference; fileEncoding = 4; lastKnownFileType = sourcecode.c.objc; path = SBJsonParser.m; sourceTree = "<group>"; };
		7B6266E115A76BB200A5879C /* SBJsonStreamParser.h */ = {isa = PBXFileReference; fileEncoding = 4; lastKnownFileType = sourcecode.c.h; path = SBJsonStreamParser.h; sourceTree = "<group>"; };
		7B6266E215A76BB200A5879C /* SBJsonStreamParser.m */ = {isa = PBXFileReference; fileEncoding = 4; lastKnownFileType = sourcecode.c.objc; path = SBJsonStreamParser.m; sourceTree = "<group>"; };
		7B6266E315A76BB200A5879C /* SBJsonStreamParserAccumulator.h */ = {isa = PBXFileReference; fileEncoding = 4; lastKnownFileType = sourcecode.c.h; path = SBJsonStreamParserAccumulator.h; sourceTree = "<group>"; };
		7B6266E415A76BB200A5879C /* SBJsonStreamParserAccumulator.m */ = {isa = PBXFileReference; fileEncoding = 4; lastKnownFileType = sourcecode.c.objc; path = SBJsonStreamParserAccumulator.m; sourceTree = "<group>"; };
		7B6266E515A76BB200A5879C /* SBJsonStreamParserAdapter.h */ = {isa = PBXFileReference; fileEncoding = 4; lastKnownFileType = sourcecode.c.h; path = SBJsonStreamParserAdapter.h; sourceTree = "<group>"; };
		7B6266E615A76BB200A5879C /* SBJsonStreamParserAdapter.m */ = {isa = PBXFileReference; fileEncoding = 4; lastKnownFileType = sourcecode.c.objc; path = SBJsonStreamParserAdapter.m; sourceTree = "<group>"; };
		7B6266E715A76BB200A5879C /* SBJsonStreamParserState.h */ = {isa = PBXFileReference; fileEncoding = 4; lastKnownFileType = sourcecode.c.h; path = SBJsonStreamParserState.h; sourceTree = "<group>"; };
		7B6266E815A76BB200A5879C /* SBJsonStreamParserState.m */ = {isa = PBXFileReference; fileEncoding = 4; lastKnownFileType = sourcecode.c.objc; path = SBJsonStreamParserState.m; sourceTree = "<group>"; };
		7B6266E915A76BB200A5879C /* SBJsonStreamWriter.h */ = {isa = PBXFileReference; fileEncoding = 4; lastKnownFileType = sourcecode.c.h; path = SBJsonStreamWriter.h; sourceTree = "<group>"; };
		7B6266EA15A76BB200A5879C /* SBJsonStreamWriter.m */ = {isa = PBXFileReference; fileEncoding = 4; lastKnownFileType = sourcecode.c.objc; path = SBJsonStreamWriter.m; sourceTree = "<group>"; };
		7B6266EB15A76BB200A5879C /* SBJsonStreamWriterAccumulator.h */ = {isa = PBXFileReference; fileEncoding = 4; lastKnownFileType = sourcecode.c.h; path = SBJsonStreamWriterAccumulator.h; sourceTree = "<group>"; };
		7B6266EC15A76BB200A5879C /* SBJsonStreamWriterAccumulator.m */ = {isa = PBXFileReference; fileEncoding = 4; lastKnownFileType = sourcecode.c.objc; path = SBJsonStreamWriterAccumulator.m; sourceTree = "<group>"; };
		7B6266ED15A76BB200A5879C /* SBJsonStreamWriterState.h */ = {isa = PBXFileReference; fileEncoding = 4; lastKnownFileType = sourcecode.c.h; path = SBJsonStreamWriterState.h; sourceTree = "<group>"; };
		7B6266EE15A76BB200A5879C /* SBJsonStreamWriterState.m */ = {isa = PBXFileReference; fileEncoding = 4; lastKnownFileType = sourcecode.c.objc; path = SBJsonStreamWriterState.m; sourceTree = "<group>"; };
		7B6266EF15A76BB200A5879C /* SBJsonTokeniser.h */ = {isa = PBXFileReference; fileEncoding = 4; lastKnownFileType = sourcecode.c.h; path = SBJsonTokeniser.h; sourceTree = "<group>"; };
		7B6266F015A76BB200A5879C /* SBJsonTokeniser.m */ = {isa = PBXFileReference; fileEncoding = 4; lastKnownFileType = sourcecode.c.objc; path = SBJsonTokeniser.m; sourceTree = "<group>"; };
		7B6266F115A76BB200A5879C /* SBJsonUTF8Stream.h */ = {isa = PBXFileReference; fileEncoding = 4; lastKnownFileType = sourcecode.c.h; path = SBJsonUTF8Stream.h; sourceTree = "<group>"; };
		7B6266F215A76BB200A5879C /* SBJsonUTF8Stream.m */ = {isa = PBXFileReference; fileEncoding = 4; lastKnownFileType = sourcecode.c.objc; path = SBJsonUTF8Stream.m; sourceTree = "<group>"; };
		7B6266F315A76BB200A5879C /* SBJsonWriter.h */ = {isa = PBXFileReference; fileEncoding = 4; lastKnownFileType = sourcecode.c.h; path = SBJsonWriter.h; sourceTree = "<group>"; };
		7B6266F415A76BB200A5879C /* SBJsonWriter.m */ = {isa = PBXFileReference; fileEncoding = 4; lastKnownFileType = sourcecode.c.objc; path = SBJsonWriter.m; sourceTree = "<group>"; };
		7B62670115A76E8400A5879C /* FTExtracurriclarsViewController.h */ = {isa = PBXFileReference; fileEncoding = 4; lastKnownFileType = sourcecode.c.h; path = FTExtracurriclarsViewController.h; sourceTree = "<group>"; };
		7B62670215A76E8400A5879C /* FTExtracurriclarsViewController.m */ = {isa = PBXFileReference; fileEncoding = 4; lastKnownFileType = sourcecode.c.objc; path = FTExtracurriclarsViewController.m; sourceTree = "<group>"; };
		7B62670415A773DC00A5879C /* FTExtracurricularCellView.h */ = {isa = PBXFileReference; fileEncoding = 4; lastKnownFileType = sourcecode.c.h; path = FTExtracurricularCellView.h; sourceTree = "<group>"; };
		7B62670515A773DC00A5879C /* FTExtracurricularCellView.m */ = {isa = PBXFileReference; fileEncoding = 4; lastKnownFileType = sourcecode.c.objc; path = FTExtracurricularCellView.m; sourceTree = "<group>"; };
		7B62670D15A7746400A5879C /* GMGridView-Constants.h */ = {isa = PBXFileReference; fileEncoding = 4; lastKnownFileType = sourcecode.c.h; path = "GMGridView-Constants.h"; sourceTree = "<group>"; };
		7B62670E15A7746400A5879C /* GMGridView.h */ = {isa = PBXFileReference; fileEncoding = 4; lastKnownFileType = sourcecode.c.h; path = GMGridView.h; sourceTree = "<group>"; };
		7B62670F15A7746400A5879C /* GMGridView.m */ = {isa = PBXFileReference; fileEncoding = 4; lastKnownFileType = sourcecode.c.objc; path = GMGridView.m; sourceTree = "<group>"; };
		7B62671015A7746400A5879C /* GMGridViewCell.h */ = {isa = PBXFileReference; fileEncoding = 4; lastKnownFileType = sourcecode.c.h; path = GMGridViewCell.h; sourceTree = "<group>"; };
		7B62671115A7746400A5879C /* GMGridViewCell+Extended.h */ = {isa = PBXFileReference; fileEncoding = 4; lastKnownFileType = sourcecode.c.h; path = "GMGridViewCell+Extended.h"; sourceTree = "<group>"; };
		7B62671215A7746400A5879C /* GMGridViewCell.m */ = {isa = PBXFileReference; fileEncoding = 4; lastKnownFileType = sourcecode.c.objc; path = GMGridViewCell.m; sourceTree = "<group>"; };
		7B62671315A7746400A5879C /* GMGridViewLayoutStrategies.h */ = {isa = PBXFileReference; fileEncoding = 4; lastKnownFileType = sourcecode.c.h; path = GMGridViewLayoutStrategies.h; sourceTree = "<group>"; };
		7B62671415A7746400A5879C /* GMGridViewLayoutStrategies.m */ = {isa = PBXFileReference; fileEncoding = 4; lastKnownFileType = sourcecode.c.objc; path = GMGridViewLayoutStrategies.m; sourceTree = "<group>"; };
		7B62671815A7746B00A5879C /* UIGestureRecognizer+GMGridViewAdditions.h */ = {isa = PBXFileReference; fileEncoding = 4; lastKnownFileType = sourcecode.c.h; path = "UIGestureRecognizer+GMGridViewAdditions.h"; sourceTree = "<group>"; };
		7B62671915A7746B00A5879C /* UIGestureRecognizer+GMGridViewAdditions.m */ = {isa = PBXFileReference; fileEncoding = 4; lastKnownFileType = sourcecode.c.objc; path = "UIGestureRecognizer+GMGridViewAdditions.m"; sourceTree = "<group>"; };
		7B62671A15A7746B00A5879C /* UIView+GMGridViewAdditions.h */ = {isa = PBXFileReference; fileEncoding = 4; lastKnownFileType = sourcecode.c.h; path = "UIView+GMGridViewAdditions.h"; sourceTree = "<group>"; };
		7B62671B15A7746B00A5879C /* UIView+GMGridViewAdditions.m */ = {isa = PBXFileReference; fileEncoding = 4; lastKnownFileType = sourcecode.c.objc; path = "UIView+GMGridViewAdditions.m"; sourceTree = "<group>"; };
		7B62672015A7760C00A5879C /* menu.png */ = {isa = PBXFileReference; lastKnownFileType = image.png; path = menu.png; sourceTree = "<group>"; };
		7B62672215A7762800A5879C /* menu@2x.png */ = {isa = PBXFileReference; lastKnownFileType = image.png; path = "menu@2x.png"; sourceTree = "<group>"; };
		7B62672415A776D700A5879C /* FTAddExtracurricularViewController.h */ = {isa = PBXFileReference; fileEncoding = 4; lastKnownFileType = sourcecode.c.h; path = FTAddExtracurricularViewController.h; sourceTree = "<group>"; };
		7B62672515A776D700A5879C /* FTAddExtracurricularViewController.m */ = {isa = PBXFileReference; fileEncoding = 4; lastKnownFileType = sourcecode.c.objc; path = FTAddExtracurricularViewController.m; sourceTree = "<group>"; };
		7B62672915A7781A00A5879C /* toparrow.png */ = {isa = PBXFileReference; lastKnownFileType = image.png; path = toparrow.png; sourceTree = "<group>"; };
		7B62672A15A7781A00A5879C /* popover.png */ = {isa = PBXFileReference; lastKnownFileType = image.png; path = popover.png; sourceTree = "<group>"; };
		7B62672B15A7781A00A5879C /* KSCustomPopoverBackgroundView.h */ = {isa = PBXFileReference; fileEncoding = 4; lastKnownFileType = sourcecode.c.h; path = KSCustomPopoverBackgroundView.h; sourceTree = "<group>"; };
		7B62672C15A7781A00A5879C /* KSCustomPopoverBackgroundView.m */ = {isa = PBXFileReference; fileEncoding = 4; lastKnownFileType = sourcecode.c.objc; path = KSCustomPopoverBackgroundView.m; sourceTree = "<group>"; };
		7B62673915A7785100A5879C /* close_x.png */ = {isa = PBXFileReference; lastKnownFileType = image.png; path = close_x.png; sourceTree = "<group>"; };
		7B62673B15A779EC00A5879C /* Extracurricular.h */ = {isa = PBXFileReference; fileEncoding = 4; lastKnownFileType = sourcecode.c.h; path = Extracurricular.h; sourceTree = "<group>"; };
		7B62673C15A779ED00A5879C /* Extracurricular.m */ = {isa = PBXFileReference; fileEncoding = 4; lastKnownFileType = sourcecode.c.objc; path = Extracurricular.m; sourceTree = "<group>"; };
		7B6AF49E15B5BF9C00BE330F /* Visit.h */ = {isa = PBXFileReference; fileEncoding = 4; lastKnownFileType = sourcecode.c.h; path = Visit.h; sourceTree = "<group>"; };
		7B6AF49F15B5BF9C00BE330F /* Visit.m */ = {isa = PBXFileReference; fileEncoding = 4; lastKnownFileType = sourcecode.c.objc; path = Visit.m; sourceTree = "<group>"; };
		7B6AF4A715B5C0AC00BE330F /* UIImageToDataTransformer.h */ = {isa = PBXFileReference; fileEncoding = 4; lastKnownFileType = sourcecode.c.h; path = UIImageToDataTransformer.h; sourceTree = "<group>"; };
		7B6AF4A815B5C0AC00BE330F /* UIImageToDataTransformer.m */ = {isa = PBXFileReference; fileEncoding = 4; lastKnownFileType = sourcecode.c.objc; path = UIImageToDataTransformer.m; sourceTree = "<group>"; };
		7B75DEBD15AC83CC005A4233 /* collegedata.json */ = {isa = PBXFileReference; fileEncoding = 4; lastKnownFileType = text.json; path = collegedata.json; sourceTree = "<group>"; };
		7B75DEC915AC91DA005A4233 /* modaltab.png */ = {isa = PBXFileReference; lastKnownFileType = image.png; path = modaltab.png; sourceTree = "<group>"; };
		7B75DED515ACB0E5005A4233 /* shitty.png */ = {isa = PBXFileReference; lastKnownFileType = image.png; path = shitty.png; sourceTree = "<group>"; };
		7B7B327815B47B6300625FA6 /* FTStandardizedTestingViewController.h */ = {isa = PBXFileReference; fileEncoding = 4; lastKnownFileType = sourcecode.c.h; path = FTStandardizedTestingViewController.h; sourceTree = "<group>"; };
		7B7B327915B47B6300625FA6 /* FTStandardizedTestingViewController.m */ = {isa = PBXFileReference; fileEncoding = 4; lastKnownFileType = sourcecode.c.objc; path = FTStandardizedTestingViewController.m; sourceTree = "<group>"; };
		7B7B327B15B47C7700625FA6 /* FTRatingsCell.h */ = {isa = PBXFileReference; fileEncoding = 4; lastKnownFileType = sourcecode.c.h; path = FTRatingsCell.h; sourceTree = "<group>"; };
		7B7B327C15B47C7700625FA6 /* FTRatingsCell.m */ = {isa = PBXFileReference; fileEncoding = 4; lastKnownFileType = sourcecode.c.objc; path = FTRatingsCell.m; sourceTree = "<group>"; };
		7B7B327E15B485B400625FA6 /* iphonetab.png */ = {isa = PBXFileReference; lastKnownFileType = image.png; path = iphonetab.png; sourceTree = "<group>"; };
		7B7B328115B48AF100625FA6 /* iphoneactivetab.png */ = {isa = PBXFileReference; lastKnownFileType = image.png; path = iphoneactivetab.png; sourceTree = "<group>"; };
		7B97BD1B15A7C0A100EF7906 /* FTGradesViewController.h */ = {isa = PBXFileReference; fileEncoding = 4; lastKnownFileType = sourcecode.c.h; path = FTGradesViewController.h; sourceTree = "<group>"; };
		7B97BD1C15A7C0A100EF7906 /* FTGradesViewController.m */ = {isa = PBXFileReference; fileEncoding = 4; lastKnownFileType = sourcecode.c.objc; path = FTGradesViewController.m; sourceTree = "<group>"; };
		7B97BD2115A7C14D00EF7906 /* gradesbottomcell.png */ = {isa = PBXFileReference; lastKnownFileType = image.png; path = gradesbottomcell.png; sourceTree = "<group>"; };
		7B97BD2215A7C14D00EF7906 /* gradestopcell.png */ = {isa = PBXFileReference; lastKnownFileType = image.png; path = gradestopcell.png; sourceTree = "<group>"; };
		7B97BD2315A7C14D00EF7906 /* aphonors.png */ = {isa = PBXFileReference; lastKnownFileType = image.png; path = aphonors.png; sourceTree = "<group>"; };
		7B97BD2415A7C14D00EF7906 /* aphonorsactive.png */ = {isa = PBXFileReference; lastKnownFileType = image.png; path = aphonorsactive.png; sourceTree = "<group>"; };
		7B97BD2515A7C14D00EF7906 /* aphonorsactivetapped.png */ = {isa = PBXFileReference; lastKnownFileType = image.png; path = aphonorsactivetapped.png; sourceTree = "<group>"; };
		7B97BD2615A7C14D00EF7906 /* aphonorstapped.png */ = {isa = PBXFileReference; lastKnownFileType = image.png; path = aphonorstapped.png; sourceTree = "<group>"; };
		7B97BD2715A7C14D00EF7906 /* fullcredit.png */ = {isa = PBXFileReference; lastKnownFileType = image.png; path = fullcredit.png; sourceTree = "<group>"; };
		7B97BD2815A7C14D00EF7906 /* halfcredit.png */ = {isa = PBXFileReference; lastKnownFileType = image.png; path = halfcredit.png; sourceTree = "<group>"; };
		7B97BD3215A7C2F900EF7906 /* FTAddGradeViewController.h */ = {isa = PBXFileReference; fileEncoding = 4; lastKnownFileType = sourcecode.c.h; path = FTAddGradeViewController.h; sourceTree = "<group>"; };
		7B97BD3315A7C2F900EF7906 /* FTAddGradeViewController.m */ = {isa = PBXFileReference; fileEncoding = 4; lastKnownFileType = sourcecode.c.objc; path = FTAddGradeViewController.m; sourceTree = "<group>"; };
		7B97BD3615A7C4B900EF7906 /* Grade.h */ = {isa = PBXFileReference; fileEncoding = 4; lastKnownFileType = sourcecode.c.h; path = Grade.h; sourceTree = "<group>"; };
		7B97BD3715A7C4B900EF7906 /* Grade.m */ = {isa = PBXFileReference; fileEncoding = 4; lastKnownFileType = sourcecode.c.objc; path = Grade.m; sourceTree = "<group>"; };
		7BB663AC15AF220200428A64 /* CoreLocation.framework */ = {isa = PBXFileReference; lastKnownFileType = wrapper.framework; name = CoreLocation.framework; path = System/Library/Frameworks/CoreLocation.framework; sourceTree = SDKROOT; };
		7BB663B015AF237A00428A64 /* FTCollegeVisitViewController.h */ = {isa = PBXFileReference; fileEncoding = 4; lastKnownFileType = sourcecode.c.h; path = FTCollegeVisitViewController.h; sourceTree = "<group>"; };
		7BB663B115AF237A00428A64 /* FTCollegeVisitViewController.m */ = {isa = PBXFileReference; fileEncoding = 4; lastKnownFileType = sourcecode.c.objc; path = FTCollegeVisitViewController.m; sourceTree = "<group>"; };
		7BB663BD15AF376A00428A64 /* collegedatajuly12.json */ = {isa = PBXFileReference; fileEncoding = 4; lastKnownFileType = text.json; path = collegedatajuly12.json; sourceTree = "<group>"; };
		7BB663C115AF39F300428A64 /* iconipad.png */ = {isa = PBXFileReference; lastKnownFileType = image.png; path = iconipad.png; sourceTree = "<group>"; };
		7BB663C315AF3A8100428A64 /* College.h */ = {isa = PBXFileReference; fileEncoding = 4; lastKnownFileType = sourcecode.c.h; path = College.h; sourceTree = "<group>"; };
		7BB663C415AF3A8100428A64 /* College.m */ = {isa = PBXFileReference; fileEncoding = 4; lastKnownFileType = sourcecode.c.objc; path = College.m; sourceTree = "<group>"; };
		7BCB88A315B49D2B008BA15C /* visitsectionheader.png */ = {isa = PBXFileReference; lastKnownFileType = image.png; path = visitsectionheader.png; sourceTree = "<group>"; };
		7BCB88A615B4A21F008BA15C /* FTCollegeInfoViewController~ipad.xib */ = {isa = PBXFileReference; fileEncoding = 4; lastKnownFileType = file.xib; path = "FTCollegeInfoViewController~ipad.xib"; sourceTree = "<group>"; };
		7BCB88A715B4A21F008BA15C /* FTCollegeInfoViewController~iphone.xib */ = {isa = PBXFileReference; fileEncoding = 4; lastKnownFileType = file.xib; path = "FTCollegeInfoViewController~iphone.xib"; sourceTree = "<group>"; };
		7BCB88B715B4B08F008BA15C /* ECSlidingViewController.h */ = {isa = PBXFileReference; fileEncoding = 4; lastKnownFileType = sourcecode.c.h; path = ECSlidingViewController.h; sourceTree = "<group>"; };
		7BCB88B815B4B08F008BA15C /* ECSlidingViewController.m */ = {isa = PBXFileReference; fileEncoding = 4; lastKnownFileType = sourcecode.c.objc; path = ECSlidingViewController.m; sourceTree = "<group>"; };
		7BCB88B915B4B08F008BA15C /* UIImage+ImageWithUIView.h */ = {isa = PBXFileReference; fileEncoding = 4; lastKnownFileType = sourcecode.c.h; path = "UIImage+ImageWithUIView.h"; sourceTree = "<group>"; };
		7BCB88BA15B4B08F008BA15C /* UIImage+ImageWithUIView.m */ = {isa = PBXFileReference; fileEncoding = 4; lastKnownFileType = sourcecode.c.objc; path = "UIImage+ImageWithUIView.m"; sourceTree = "<group>"; };
		7BCB88BF15B4B2A3008BA15C /* InitialSlidingViewController.h */ = {isa = PBXFileReference; fileEncoding = 4; lastKnownFileType = sourcecode.c.h; path = InitialSlidingViewController.h; sourceTree = "<group>"; };
		7BCB88C015B4B2A3008BA15C /* InitialSlidingViewController.m */ = {isa = PBXFileReference; fileEncoding = 4; lastKnownFileType = sourcecode.c.objc; path = InitialSlidingViewController.m; sourceTree = "<group>"; };
		7BCB88C315B4B7C5008BA15C /* FTNavigationCell.h */ = {isa = PBXFileReference; fileEncoding = 4; lastKnownFileType = sourcecode.c.h; path = FTNavigationCell.h; sourceTree = "<group>"; };
		7BCB88C415B4B7C5008BA15C /* FTNavigationCell.m */ = {isa = PBXFileReference; fileEncoding = 4; lastKnownFileType = sourcecode.c.objc; path = FTNavigationCell.m; sourceTree = "<group>"; };
		7BCB88C615B4BF44008BA15C /* FTNavigationHeader.h */ = {isa = PBXFileReference; fileEncoding = 4; lastKnownFileType = sourcecode.c.h; path = FTNavigationHeader.h; sourceTree = "<group>"; };
		7BCB88C715B4BF44008BA15C /* FTNavigationHeader.m */ = {isa = PBXFileReference; fileEncoding = 4; lastKnownFileType = sourcecode.c.objc; path = FTNavigationHeader.m; sourceTree = "<group>"; };
		7BCB88C915B4C7A3008BA15C /* blacknavbar.png */ = {isa = PBXFileReference; lastKnownFileType = image.png; path = blacknavbar.png; sourceTree = "<group>"; };
		7BF04A7015AF988B00DFBA2A /* iphoneicon2x.png */ = {isa = PBXFileReference; lastKnownFileType = image.png; path = iphoneicon2x.png; sourceTree = "<group>"; };
/* End PBXFileReference section */

/* Begin PBXFrameworksBuildPhase section */
		7B62667415A75DDF00A5879C /* Frameworks */ = {
			isa = PBXFrameworksBuildPhase;
			buildActionMask = 2147483647;
			files = (
				7BB663AD15AF220200428A64 /* CoreLocation.framework in Frameworks */,
				7B35F90915AE274F00EFFFE8 /* MapKit.framework in Frameworks */,
				7B6266BE15A75F5000A5879C /* QuartzCore.framework in Frameworks */,
				7B62667C15A75DDF00A5879C /* UIKit.framework in Frameworks */,
				7B62667E15A75DDF00A5879C /* Foundation.framework in Frameworks */,
				7B62668015A75DDF00A5879C /* CoreGraphics.framework in Frameworks */,
				7B62668215A75DDF00A5879C /* CoreData.framework in Frameworks */,
			);
			runOnlyForDeploymentPostprocessing = 0;
		};
		7B62669315A75DDF00A5879C /* Frameworks */ = {
			isa = PBXFrameworksBuildPhase;
			buildActionMask = 2147483647;
			files = (
				7B62669915A75DDF00A5879C /* SenTestingKit.framework in Frameworks */,
				7B62669A15A75DDF00A5879C /* UIKit.framework in Frameworks */,
				7B62669B15A75DDF00A5879C /* Foundation.framework in Frameworks */,
				7B62669C15A75DDF00A5879C /* CoreData.framework in Frameworks */,
			);
			runOnlyForDeploymentPostprocessing = 0;
		};
/* End PBXFrameworksBuildPhase section */

/* Begin PBXGroup section */
		7B51E38015A9008E002F2A2E /* Glyphish */ = {
			isa = PBXGroup;
			children = (
				7B51E38115A9009F002F2A2E /* achievements.png */,
				7B51E38215A9009F002F2A2E /* collegelist.png */,
				7B51E38315A9009F002F2A2E /* collegesearch.png */,
				7B51E38415A9009F002F2A2E /* essays.png */,
				7B51E38515A9009F002F2A2E /* extracurriculars.png */,
				7B51E38615A9009F002F2A2E /* grades.png */,
				7B51E38715A9009F002F2A2E /* nearme.png */,
				7B51E38815A9009F002F2A2E /* standardized.png */,
			);
			name = Glyphish;
			sourceTree = "<group>";
		};
		7B51E5E415AB2945002F2A2E /* College Search / View */ = {
			isa = PBXGroup;
			children = (
				7B35F90415AE0ACB00EFFFE8 /* activetab.png */,
				7B35F90E15AE277A00EFFFE8 /* notes.png */,
				7B35F90C15AE276E00EFFFE8 /* photos.png */,
				7B35F90615AE0B8500EFFFE8 /* info.png */,
				7B75DED515ACB0E5005A4233 /* shitty.png */,
				7B75DEC915AC91DA005A4233 /* modaltab.png */,
				7B51E5E815AB2A99002F2A2E /* web.png */,
				7B51E5E615AB2A92002F2A2E /* more.png */,
				7B51E5EA15AB2AAE002F2A2E /* view.png */,
			);
			name = "College Search / View";
			sourceTree = "<group>";
		};
		7B62666C15A75DDF00A5879C = {
			isa = PBXGroup;
			children = (
				7BB663C115AF39F300428A64 /* iconipad.png */,
				7BB663AC15AF220200428A64 /* CoreLocation.framework */,
				7B35F90815AE274F00EFFFE8 /* MapKit.framework */,
				7B6266BB15A75F1500A5879C /* QuartzCore.framework */,
				7B62668315A75DDF00A5879C /* The College App */,
				7B62669F15A75DDF00A5879C /* The College AppTests */,
				7B62667A15A75DDF00A5879C /* Frameworks */,
				7B62667815A75DDF00A5879C /* Products */,
			);
			sourceTree = "<group>";
		};
		7B62667815A75DDF00A5879C /* Products */ = {
			isa = PBXGroup;
			children = (
				7B62667715A75DDF00A5879C /* The College App.app */,
				7B62669715A75DDF00A5879C /* The College AppTests.octest */,
			);
			name = Products;
			sourceTree = "<group>";
		};
		7B62667A15A75DDF00A5879C /* Frameworks */ = {
			isa = PBXGroup;
			children = (
				7B62667B15A75DDF00A5879C /* UIKit.framework */,
				7B62667D15A75DDF00A5879C /* Foundation.framework */,
				7B62667F15A75DDF00A5879C /* CoreGraphics.framework */,
				7B62668115A75DDF00A5879C /* CoreData.framework */,
				7B62669815A75DDF00A5879C /* SenTestingKit.framework */,
			);
			name = Frameworks;
			sourceTree = "<group>";
		};
		7B62668315A75DDF00A5879C /* The College App */ = {
			isa = PBXGroup;
			children = (
				7B62673E15A779F800A5879C /* Core Data */,
				7B62670A15A7744C00A5879C /* UI Elements */,
				7B6266DA15A76BA300A5879C /* Tools */,
				7B6266B615A75EE600A5879C /* Grades View */,
				7B6266B515A75EDA00A5879C /* Accomplishments View */,
				7B6266B415A75EC000A5879C /* Extracurriculars View */,
				7B6266B315A75EB800A5879C /* College Search / List View */,
				7B6266B215A75EB100A5879C /* Standardized Testing View */,
				7BB663AF15AF235E00428A64 /* College Visiting */,
				7B6266B115A75EA300A5879C /* Master Navigation View */,
				7B6266B015A75E9E00A5879C /* images */,
				7B62668C15A75DDF00A5879C /* FTAppDelegate.h */,
				7B62668D15A75DDF00A5879C /* FTAppDelegate.m */,
				7B62668415A75DDF00A5879C /* Supporting Files */,
			);
			path = "The College App";
			sourceTree = "<group>";
		};
		7B62668415A75DDF00A5879C /* Supporting Files */ = {
			isa = PBXGroup;
			children = (
				7BB663BD15AF376A00428A64 /* collegedatajuly12.json */,
				7B75DEBD15AC83CC005A4233 /* collegedata.json */,
				7B62668515A75DDF00A5879C /* The College App-Info.plist */,
				7B62668615A75DDF00A5879C /* InfoPlist.strings */,
				7B62668915A75DDF00A5879C /* main.m */,
				7B62668B15A75DDF00A5879C /* The College App-Prefix.pch */,
			);
			name = "Supporting Files";
			sourceTree = "<group>";
		};
		7B62669F15A75DDF00A5879C /* The College AppTests */ = {
			isa = PBXGroup;
			children = (
				7B6266A515A75DDF00A5879C /* The_College_AppTests.h */,
				7B6266A615A75DDF00A5879C /* The_College_AppTests.m */,
				7B6266A015A75DDF00A5879C /* Supporting Files */,
			);
			path = "The College AppTests";
			sourceTree = "<group>";
		};
		7B6266A015A75DDF00A5879C /* Supporting Files */ = {
			isa = PBXGroup;
			children = (
				7B6266A115A75DDF00A5879C /* The College AppTests-Info.plist */,
				7B6266A215A75DDF00A5879C /* InfoPlist.strings */,
			);
			name = "Supporting Files";
			sourceTree = "<group>";
		};
		7B6266B015A75E9E00A5879C /* images */ = {
			isa = PBXGroup;
			children = (
				7B7B328015B485C300625FA6 /* College Visiting */,
				7B51E5E415AB2945002F2A2E /* College Search / View */,
				7B97BD1E15A7C10D00EF7906 /* Grade View */,
				7B6266D915A76B4800A5879C /* Standard UI */,
				7B6266CB15A7616C00A5879C /* Master Navigation View */,
				7B6266C315A75F6700A5879C /* Icons */,
			);
			name = images;
			sourceTree = "<group>";
		};
		7B6266B115A75EA300A5879C /* Master Navigation View */ = {
			isa = PBXGroup;
			children = (
				7B6266C815A7614900A5879C /* FTMasterViewController.h */,
				7B6266C915A7614900A5879C /* FTMasterViewController.m */,
				7BCB88C615B4BF44008BA15C /* FTNavigationHeader.h */,
				7BCB88C715B4BF44008BA15C /* FTNavigationHeader.m */,
				7BCB88C315B4B7C5008BA15C /* FTNavigationCell.h */,
				7BCB88C415B4B7C5008BA15C /* FTNavigationCell.m */,
			);
			name = "Master Navigation View";
			sourceTree = "<group>";
		};
		7B6266B215A75EB100A5879C /* Standardized Testing View */ = {
			isa = PBXGroup;
			children = (
				7B7B327815B47B6300625FA6 /* FTStandardizedTestingViewController.h */,
				7B7B327915B47B6300625FA6 /* FTStandardizedTestingViewController.m */,
			);
			name = "Standardized Testing View";
			sourceTree = "<group>";
		};
		7B6266B315A75EB800A5879C /* College Search / List View */ = {
			isa = PBXGroup;
			children = (
				7B6266CC15A7635F00A5879C /* FTCollegeSearchViewController.h */,
				7B6266CD15A7635F00A5879C /* FTCollegeSearchViewController.m */,
				7B51E5F115AB357B002F2A2E /* FTCollegeCellView.h */,
				7B51E5F215AB357B002F2A2E /* FTCollegeCellView.m */,
				7B35F8F815ADEE6800EFFFE8 /* FTCollegeInfoViewController.h */,
				7B35F8F915ADEE6900EFFFE8 /* FTCollegeInfoViewController.m */,
				7BCB88A615B4A21F008BA15C /* FTCollegeInfoViewController~ipad.xib */,
				7BCB88A715B4A21F008BA15C /* FTCollegeInfoViewController~iphone.xib */,
				7B35F8FF15ADEFA400EFFFE8 /* FTRangeIndicator.h */,
				7B35F90015ADEFA400EFFFE8 /* FTRangeIndicator.m */,
				7B12408815AF10DA006913C3 /* FTWhiteShadowView.h */,
				7B12408915AF10DA006913C3 /* FTWhiteShadowView.m */,
			);
			name = "College Search / List View";
			sourceTree = "<group>";
		};
		7B6266B415A75EC000A5879C /* Extracurriculars View */ = {
			isa = PBXGroup;
			children = (
				7B62670115A76E8400A5879C /* FTExtracurriclarsViewController.h */,
				7B62670215A76E8400A5879C /* FTExtracurriclarsViewController.m */,
				7B62670415A773DC00A5879C /* FTExtracurricularCellView.h */,
				7B62670515A773DC00A5879C /* FTExtracurricularCellView.m */,
				7B62672415A776D700A5879C /* FTAddExtracurricularViewController.h */,
				7B62672515A776D700A5879C /* FTAddExtracurricularViewController.m */,
			);
			name = "Extracurriculars View";
			sourceTree = "<group>";
		};
		7B6266B515A75EDA00A5879C /* Accomplishments View */ = {
			isa = PBXGroup;
			children = (
			);
			name = "Accomplishments View";
			sourceTree = "<group>";
		};
		7B6266B615A75EE600A5879C /* Grades View */ = {
			isa = PBXGroup;
			children = (
				7B97BD1B15A7C0A100EF7906 /* FTGradesViewController.h */,
				7B97BD1C15A7C0A100EF7906 /* FTGradesViewController.m */,
				7B97BD3215A7C2F900EF7906 /* FTAddGradeViewController.h */,
				7B97BD3315A7C2F900EF7906 /* FTAddGradeViewController.m */,
			);
			name = "Grades View";
			sourceTree = "<group>";
		};
		7B6266C315A75F6700A5879C /* Icons */ = {
			isa = PBXGroup;
			children = (
				7B35F91915AE303F00EFFFE8 /* Icon.png */,
				7BF04A7015AF988B00DFBA2A /* iphoneicon2x.png */,
				7B35F91B15AE303F00EFFFE8 /* iTunesArtwork */,
			);
			name = Icons;
			sourceTree = "<group>";
		};
		7B6266CB15A7616C00A5879C /* Master Navigation View */ = {
			isa = PBXGroup;
			children = (
				7B51E38015A9008E002F2A2E /* Glyphish */,
				7B62672015A7760C00A5879C /* menu.png */,
				7B62672215A7762800A5879C /* menu@2x.png */,
				7B6266CF15A764B100A5879C /* navtopcell.png */,
				7B2C583515B0B81600D3845B /* navtopcellactive.png */,
				7B6266D015A764B100A5879C /* navcell.png */,
				7B2C583315B0B80500D3845B /* navcellactive.png */,
				7B6266D115A764B100A5879C /* navbottom.png */,
				7B2C583715B0B82A00D3845B /* navbottomactive.png */,
			);
			name = "Master Navigation View";
			sourceTree = "<group>";
		};
		7B6266D915A76B4800A5879C /* Standard UI */ = {
			isa = PBXGroup;
			children = (
				7B7B328115B48AF100625FA6 /* iphoneactivetab.png */,
				7B7B327E15B485B400625FA6 /* iphonetab.png */,
				7B51E37E15A8F4C8002F2A2E /* backselect.png */,
				7B51E37A15A8EF43002F2A2E /* backbutton.png */,
				7B51E36515A8CAF1002F2A2E /* cancel.png */,
				7B51E36615A8CAF1002F2A2E /* cancelactive.png */,
				7B51E36715A8CAF1002F2A2E /* save.png */,
				7B51E36815A8CAF1002F2A2E /* saveactive.png */,
				7B6266D515A76B4500A5879C /* whitenavbar.png */,
				7BCB88C915B4C7A3008BA15C /* blacknavbar.png */,
			);
			name = "Standard UI";
			sourceTree = "<group>";
		};
		7B6266DA15A76BA300A5879C /* Tools */ = {
			isa = PBXGroup;
			children = (
				7B6266DB15A76BA800A5879C /* SBJSON */,
			);
			name = Tools;
			sourceTree = "<group>";
		};
		7B6266DB15A76BA800A5879C /* SBJSON */ = {
			isa = PBXGroup;
			children = (
				7B6266DC15A76BB200A5879C /* NSObject+SBJson.h */,
				7B6266DD15A76BB200A5879C /* NSObject+SBJson.m */,
				7B6266DE15A76BB200A5879C /* SBJson.h */,
				7B6266DF15A76BB200A5879C /* SBJsonParser.h */,
				7B6266E015A76BB200A5879C /* SBJsonParser.m */,
				7B6266E115A76BB200A5879C /* SBJsonStreamParser.h */,
				7B6266E215A76BB200A5879C /* SBJsonStreamParser.m */,
				7B6266E315A76BB200A5879C /* SBJsonStreamParserAccumulator.h */,
				7B6266E415A76BB200A5879C /* SBJsonStreamParserAccumulator.m */,
				7B6266E515A76BB200A5879C /* SBJsonStreamParserAdapter.h */,
				7B6266E615A76BB200A5879C /* SBJsonStreamParserAdapter.m */,
				7B6266E715A76BB200A5879C /* SBJsonStreamParserState.h */,
				7B6266E815A76BB200A5879C /* SBJsonStreamParserState.m */,
				7B6266E915A76BB200A5879C /* SBJsonStreamWriter.h */,
				7B6266EA15A76BB200A5879C /* SBJsonStreamWriter.m */,
				7B6266EB15A76BB200A5879C /* SBJsonStreamWriterAccumulator.h */,
				7B6266EC15A76BB200A5879C /* SBJsonStreamWriterAccumulator.m */,
				7B6266ED15A76BB200A5879C /* SBJsonStreamWriterState.h */,
				7B6266EE15A76BB200A5879C /* SBJsonStreamWriterState.m */,
				7B6266EF15A76BB200A5879C /* SBJsonTokeniser.h */,
				7B6266F015A76BB200A5879C /* SBJsonTokeniser.m */,
				7B6266F115A76BB200A5879C /* SBJsonUTF8Stream.h */,
				7B6266F215A76BB200A5879C /* SBJsonUTF8Stream.m */,
				7B6266F315A76BB200A5879C /* SBJsonWriter.h */,
				7B6266F415A76BB200A5879C /* SBJsonWriter.m */,
			);
			name = SBJSON;
			sourceTree = "<group>";
		};
		7B62670A15A7744C00A5879C /* UI Elements */ = {
			isa = PBXGroup;
			children = (
				7BCB88B215B4AFBC008BA15C /* ECSlidingViewController */,
				7B62672715A777FD00A5879C /* Custom Popover */,
				7B62670B15A7745200A5879C /* GMGridView */,
			);
			name = "UI Elements";
			sourceTree = "<group>";
		};
		7B62670B15A7745200A5879C /* GMGridView */ = {
			isa = PBXGroup;
			children = (
				7B62673915A7785100A5879C /* close_x.png */,
				7B62670C15A7745700A5879C /* Additions */,
				7B62670D15A7746400A5879C /* GMGridView-Constants.h */,
				7B62670E15A7746400A5879C /* GMGridView.h */,
				7B62670F15A7746400A5879C /* GMGridView.m */,
				7B62671015A7746400A5879C /* GMGridViewCell.h */,
				7B62671115A7746400A5879C /* GMGridViewCell+Extended.h */,
				7B62671215A7746400A5879C /* GMGridViewCell.m */,
				7B62671315A7746400A5879C /* GMGridViewLayoutStrategies.h */,
				7B62671415A7746400A5879C /* GMGridViewLayoutStrategies.m */,
			);
			name = GMGridView;
			sourceTree = "<group>";
		};
		7B62670C15A7745700A5879C /* Additions */ = {
			isa = PBXGroup;
			children = (
				7B62671815A7746B00A5879C /* UIGestureRecognizer+GMGridViewAdditions.h */,
				7B62671915A7746B00A5879C /* UIGestureRecognizer+GMGridViewAdditions.m */,
				7B62671A15A7746B00A5879C /* UIView+GMGridViewAdditions.h */,
				7B62671B15A7746B00A5879C /* UIView+GMGridViewAdditions.m */,
			);
			name = Additions;
			sourceTree = "<group>";
		};
		7B62672715A777FD00A5879C /* Custom Popover */ = {
			isa = PBXGroup;
			children = (
				7B62672915A7781A00A5879C /* toparrow.png */,
				7B62672A15A7781A00A5879C /* popover.png */,
				7B62672B15A7781A00A5879C /* KSCustomPopoverBackgroundView.h */,
				7B62672C15A7781A00A5879C /* KSCustomPopoverBackgroundView.m */,
			);
			name = "Custom Popover";
			sourceTree = "<group>";
		};
		7B62673E15A779F800A5879C /* Core Data */ = {
			isa = PBXGroup;
			children = (
				7B201CF615ACC68600D78D23 /* The_College_App.xcdatamodeld */,
				7B55D08F15B5E9B300947B2E /* CampusPhoto.h */,
				7B55D09015B5E9B300947B2E /* CampusPhoto.m */,
				7B55D08C15B5E9B200947B2E /* PhotoData.h */,
				7B55D08D15B5E9B200947B2E /* PhotoData.m */,
				7B6AF49E15B5BF9C00BE330F /* Visit.h */,
				7B6AF49F15B5BF9C00BE330F /* Visit.m */,
				7BB663C315AF3A8100428A64 /* College.h */,
				7BB663C415AF3A8100428A64 /* College.m */,
				7B97BD3615A7C4B900EF7906 /* Grade.h */,
				7B97BD3715A7C4B900EF7906 /* Grade.m */,
				7B62673B15A779EC00A5879C /* Extracurricular.h */,
				7B62673C15A779ED00A5879C /* Extracurricular.m */,
				7B6AF4A715B5C0AC00BE330F /* UIImageToDataTransformer.h */,
				7B6AF4A815B5C0AC00BE330F /* UIImageToDataTransformer.m */,
				7B55D08415B5E38500947B2E /* UIImage+ProportionalFill.h */,
				7B55D08515B5E38500947B2E /* UIImage+ProportionalFill.m */,
			);
			name = "Core Data";
			sourceTree = "<group>";
		};
		7B7B328015B485C300625FA6 /* College Visiting */ = {
			isa = PBXGroup;
			children = (
				7BCB88A315B49D2B008BA15C /* visitsectionheader.png */,
			);
			name = "College Visiting";
			sourceTree = "<group>";
		};
		7B97BD1E15A7C10D00EF7906 /* Grade View */ = {
			isa = PBXGroup;
			children = (
				7B51E36E15A8DD0A002F2A2E /* cumulativegpa.png */,
				7B97BD2115A7C14D00EF7906 /* gradesbottomcell.png */,
				7B2C583F15B0BE5500D3845B /* gradesbottomcellactive.png */,
				7B51E37415A8EAE1002F2A2E /* gradessinglecell.png */,
				7B2C584115B0BE5D00D3845B /* gradestopcellactive.png */,
				7B2C584315B0BE6500D3845B /* gradecellactive.png */,
				7B97BD2215A7C14D00EF7906 /* gradestopcell.png */,
				7B51E37815A8EDD6002F2A2E /* gradecell.png */,
				7B97BD2315A7C14D00EF7906 /* aphonors.png */,
				7B97BD2415A7C14D00EF7906 /* aphonorsactive.png */,
				7B97BD2515A7C14D00EF7906 /* aphonorsactivetapped.png */,
				7B97BD2615A7C14D00EF7906 /* aphonorstapped.png */,
				7B97BD2715A7C14D00EF7906 /* fullcredit.png */,
				7B97BD2815A7C14D00EF7906 /* halfcredit.png */,
			);
			name = "Grade View";
			sourceTree = "<group>";
		};
		7BB663AF15AF235E00428A64 /* College Visiting */ = {
			isa = PBXGroup;
			children = (
				7BB663B015AF237A00428A64 /* FTCollegeVisitViewController.h */,
				7BB663B115AF237A00428A64 /* FTCollegeVisitViewController.m */,
				7B2C583C15B0BD8C00D3845B /* FTCollegeVisitView.h */,
				7B2C583D15B0BD8C00D3845B /* FTCollegeVisitView.m */,
				7B2C583915B0BC3D00D3845B /* FTCollegeVisitRatingsViewController.h */,
				7B2C583A15B0BC3D00D3845B /* FTCollegeVisitRatingsViewController.m */,
				7B7B327B15B47C7700625FA6 /* FTRatingsCell.h */,
				7B7B327C15B47C7700625FA6 /* FTRatingsCell.m */,
				7B2C582D15B0AF1600D3845B /* FTCollegeVisitPhotosViewController.h */,
				7B2C582E15B0AF1600D3845B /* FTCollegeVisitPhotosViewController.m */,
				7B2C583015B0AF2A00D3845B /* FTCollegeVisitNotesViewController.h */,
				7B2C583115B0AF2A00D3845B /* FTCollegeVisitNotesViewController.m */,
			);
			name = "College Visiting";
			sourceTree = "<group>";
		};
		7BCB88B215B4AFBC008BA15C /* ECSlidingViewController */ = {
			isa = PBXGroup;
			children = (
				7BCB88BF15B4B2A3008BA15C /* InitialSlidingViewController.h */,
				7BCB88C015B4B2A3008BA15C /* InitialSlidingViewController.m */,
				7BCB88B715B4B08F008BA15C /* ECSlidingViewController.h */,
				7BCB88B815B4B08F008BA15C /* ECSlidingViewController.m */,
				7BCB88B915B4B08F008BA15C /* UIImage+ImageWithUIView.h */,
				7BCB88BA15B4B08F008BA15C /* UIImage+ImageWithUIView.m */,
			);
			name = ECSlidingViewController;
			sourceTree = "<group>";
		};
/* End PBXGroup section */

/* Begin PBXNativeTarget section */
		7B62667615A75DDF00A5879C /* The College App */ = {
			isa = PBXNativeTarget;
			buildConfigurationList = 7B6266AA15A75DDF00A5879C /* Build configuration list for PBXNativeTarget "The College App" */;
			buildPhases = (
				7B62667315A75DDF00A5879C /* Sources */,
				7B62667415A75DDF00A5879C /* Frameworks */,
				7B62667515A75DDF00A5879C /* Resources */,
			);
			buildRules = (
			);
			dependencies = (
			);
			name = "The College App";
			productName = "The College App";
			productReference = 7B62667715A75DDF00A5879C /* The College App.app */;
			productType = "com.apple.product-type.application";
		};
		7B62669615A75DDF00A5879C /* The College AppTests */ = {
			isa = PBXNativeTarget;
			buildConfigurationList = 7B6266AD15A75DDF00A5879C /* Build configuration list for PBXNativeTarget "The College AppTests" */;
			buildPhases = (
				7B62669215A75DDF00A5879C /* Sources */,
				7B62669315A75DDF00A5879C /* Frameworks */,
				7B62669415A75DDF00A5879C /* Resources */,
				7B62669515A75DDF00A5879C /* ShellScript */,
			);
			buildRules = (
			);
			dependencies = (
				7B62669E15A75DDF00A5879C /* PBXTargetDependency */,
			);
			name = "The College AppTests";
			productName = "The College AppTests";
			productReference = 7B62669715A75DDF00A5879C /* The College AppTests.octest */;
			productType = "com.apple.product-type.bundle";
		};
/* End PBXNativeTarget section */

/* Begin PBXProject section */
		7B62666E15A75DDF00A5879C /* Project object */ = {
			isa = PBXProject;
			attributes = {
				CLASSPREFIX = FT;
				LastUpgradeCheck = 0430;
				ORGANIZATIONNAME = "Fructose Tech, LLC.";
			};
			buildConfigurationList = 7B62667115A75DDF00A5879C /* Build configuration list for PBXProject "The College App" */;
			compatibilityVersion = "Xcode 3.2";
			developmentRegion = English;
			hasScannedForEncodings = 0;
			knownRegions = (
				en,
			);
			mainGroup = 7B62666C15A75DDF00A5879C;
			productRefGroup = 7B62667815A75DDF00A5879C /* Products */;
			projectDirPath = "";
			projectRoot = "";
			targets = (
				7B62667615A75DDF00A5879C /* The College App */,
				7B62669615A75DDF00A5879C /* The College AppTests */,
			);
		};
/* End PBXProject section */

/* Begin PBXResourcesBuildPhase section */
		7B62667515A75DDF00A5879C /* Resources */ = {
			isa = PBXResourcesBuildPhase;
			buildActionMask = 2147483647;
			files = (
				7B51E37115A8E2B0002F2A2E /* toparrow.png in Resources */,
				7B51E37015A8E2A2002F2A2E /* popover.png in Resources */,
				7B62668815A75DDF00A5879C /* InfoPlist.strings in Resources */,
				7B6266D215A764B100A5879C /* navtopcell.png in Resources */,
				7B6266D315A764B100A5879C /* navcell.png in Resources */,
				7B6266D415A764B100A5879C /* navbottom.png in Resources */,
				7B6266D715A76B4500A5879C /* whitenavbar.png in Resources */,
				7B62672115A7760C00A5879C /* menu.png in Resources */,
				7B62672315A7762800A5879C /* menu@2x.png in Resources */,
				7B62673A15A7785100A5879C /* close_x.png in Resources */,
				7B97BD2A15A7C14D00EF7906 /* gradesbottomcell.png in Resources */,
				7B97BD2B15A7C14D00EF7906 /* gradestopcell.png in Resources */,
				7B97BD2C15A7C14D00EF7906 /* aphonors.png in Resources */,
				7B97BD2D15A7C14D00EF7906 /* aphonorsactive.png in Resources */,
				7B97BD2E15A7C14D00EF7906 /* aphonorsactivetapped.png in Resources */,
				7B97BD2F15A7C14D00EF7906 /* aphonorstapped.png in Resources */,
				7B97BD3015A7C14D00EF7906 /* fullcredit.png in Resources */,
				7B97BD3115A7C14D00EF7906 /* halfcredit.png in Resources */,
				7B51E36915A8CAF1002F2A2E /* cancel.png in Resources */,
				7B51E36A15A8CAF1002F2A2E /* cancelactive.png in Resources */,
				7B51E36B15A8CAF1002F2A2E /* save.png in Resources */,
				7B51E36C15A8CAF1002F2A2E /* saveactive.png in Resources */,
				7B51E36F15A8DD0A002F2A2E /* cumulativegpa.png in Resources */,
				7B51E37515A8EAE1002F2A2E /* gradessinglecell.png in Resources */,
				7B51E37915A8EDD6002F2A2E /* gradecell.png in Resources */,
				7B51E37B15A8EF43002F2A2E /* backbutton.png in Resources */,
				7B51E37F15A8F4C8002F2A2E /* backselect.png in Resources */,
				7B51E38915A9009F002F2A2E /* achievements.png in Resources */,
				7B51E38A15A9009F002F2A2E /* collegelist.png in Resources */,
				7B51E38B15A9009F002F2A2E /* collegesearch.png in Resources */,
				7B51E38C15A9009F002F2A2E /* essays.png in Resources */,
				7B51E38D15A9009F002F2A2E /* extracurriculars.png in Resources */,
				7B51E38E15A9009F002F2A2E /* grades.png in Resources */,
				7B51E38F15A9009F002F2A2E /* nearme.png in Resources */,
				7B51E39015A9009F002F2A2E /* standardized.png in Resources */,
				7B51E5E715AB2A92002F2A2E /* more.png in Resources */,
				7B51E5E915AB2A99002F2A2E /* web.png in Resources */,
				7B51E5EB15AB2AAE002F2A2E /* view.png in Resources */,
				7B75DEBE15AC83CC005A4233 /* collegedata.json in Resources */,
				7B75DECA15AC91DA005A4233 /* modaltab.png in Resources */,
				7B75DED615ACB0E5005A4233 /* shitty.png in Resources */,
				7B35F90515AE0ACB00EFFFE8 /* activetab.png in Resources */,
				7B35F90715AE0B8500EFFFE8 /* info.png in Resources */,
				7B35F90D15AE276E00EFFFE8 /* photos.png in Resources */,
				7B35F90F15AE277B00EFFFE8 /* notes.png in Resources */,
				7BB663BE15AF376A00428A64 /* collegedatajuly12.json in Resources */,
				7BB663C215AF39F300428A64 /* iconipad.png in Resources */,
				7BF04A7115AF988B00DFBA2A /* iphoneicon2x.png in Resources */,
				7B2C583415B0B80500D3845B /* navcellactive.png in Resources */,
				7B2C583615B0B81600D3845B /* navtopcellactive.png in Resources */,
				7B2C583815B0B82A00D3845B /* navbottomactive.png in Resources */,
				7B2C584015B0BE5500D3845B /* gradesbottomcellactive.png in Resources */,
				7B2C584215B0BE5D00D3845B /* gradestopcellactive.png in Resources */,
				7B2C584415B0BE6500D3845B /* gradecellactive.png in Resources */,
				7B7B327F15B485B400625FA6 /* iphonetab.png in Resources */,
				7B7B328215B48AF100625FA6 /* iphoneactivetab.png in Resources */,
				7BCB88A415B49D2B008BA15C /* visitsectionheader.png in Resources */,
				7BCB88A815B4A21F008BA15C /* FTCollegeInfoViewController~ipad.xib in Resources */,
				7BCB88A915B4A21F008BA15C /* FTCollegeInfoViewController~iphone.xib in Resources */,
				7BCB88CA15B4C7A3008BA15C /* blacknavbar.png in Resources */,
			);
			runOnlyForDeploymentPostprocessing = 0;
		};
		7B62669415A75DDF00A5879C /* Resources */ = {
			isa = PBXResourcesBuildPhase;
			buildActionMask = 2147483647;
			files = (
				7B6266A415A75DDF00A5879C /* InfoPlist.strings in Resources */,
				7B62672D15A7781A00A5879C /* toparrow.png in Resources */,
				7B62672E15A7781A00A5879C /* popover.png in Resources */,
				7B35F92115AE303F00EFFFE8 /* Icon.png in Resources */,
				7B35F92315AE303F00EFFFE8 /* iTunesArtwork in Resources */,
			);
			runOnlyForDeploymentPostprocessing = 0;
		};
/* End PBXResourcesBuildPhase section */

/* Begin PBXShellScriptBuildPhase section */
		7B62669515A75DDF00A5879C /* ShellScript */ = {
			isa = PBXShellScriptBuildPhase;
			buildActionMask = 2147483647;
			files = (
			);
			inputPaths = (
			);
			outputPaths = (
			);
			runOnlyForDeploymentPostprocessing = 0;
			shellPath = /bin/sh;
			shellScript = "# Run the unit tests in this test bundle.\n\"${SYSTEM_DEVELOPER_DIR}/Tools/RunUnitTests\"\n";
		};
/* End PBXShellScriptBuildPhase section */

/* Begin PBXSourcesBuildPhase section */
		7B62667315A75DDF00A5879C /* Sources */ = {
			isa = PBXSourcesBuildPhase;
			buildActionMask = 2147483647;
			files = (
				7B55D08715B5E38D00947B2E /* UIImage+ProportionalFill.m in Sources */,
				7B6AF4AD15B5C12100BE330F /* UIImageToDataTransformer.m in Sources */,
				7BCB88C215B4B2FA008BA15C /* InitialSlidingViewController.m in Sources */,
				7BCB88BD15B4B20E008BA15C /* ECSlidingViewController.m in Sources */,
				7BCB88BE15B4B20E008BA15C /* UIImage+ImageWithUIView.m in Sources */,
				7B51E5A015AA4C46002F2A2E /* NSObject+SBJson.m in Sources */,
				7B51E5A115AA4C46002F2A2E /* SBJsonParser.m in Sources */,
				7B51E5A215AA4C46002F2A2E /* SBJsonStreamParser.m in Sources */,
				7B51E5A315AA4C46002F2A2E /* SBJsonStreamParserAccumulator.m in Sources */,
				7B51E5A415AA4C46002F2A2E /* SBJsonStreamParserAdapter.m in Sources */,
				7B51E5A515AA4C46002F2A2E /* SBJsonStreamParserState.m in Sources */,
				7B51E5A615AA4C46002F2A2E /* SBJsonStreamWriter.m in Sources */,
				7B51E5A715AA4C46002F2A2E /* SBJsonStreamWriterAccumulator.m in Sources */,
				7B51E5A815AA4C46002F2A2E /* SBJsonStreamWriterState.m in Sources */,
				7B51E5A915AA4C46002F2A2E /* SBJsonTokeniser.m in Sources */,
				7B51E5AA15AA4C46002F2A2E /* SBJsonUTF8Stream.m in Sources */,
				7B51E5AB15AA4C46002F2A2E /* SBJsonWriter.m in Sources */,
				7B97BD3515A7C41F00EF7906 /* FTAddGradeViewController.m in Sources */,
				7B62674615A781D200A5879C /* FTExtracurricularCellView.m in Sources */,
				7B62674115A77FE400A5879C /* UIGestureRecognizer+GMGridViewAdditions.m in Sources */,
				7B62674215A77FE400A5879C /* UIView+GMGridViewAdditions.m in Sources */,
				7B62674315A77FE400A5879C /* GMGridView.m in Sources */,
				7B62674415A77FE400A5879C /* GMGridViewCell.m in Sources */,
				7B62674515A77FE400A5879C /* GMGridViewLayoutStrategies.m in Sources */,
				7B62674015A77EA500A5879C /* KSCustomPopoverBackgroundView.m in Sources */,
				7B62673F15A77E9D00A5879C /* FTAddExtracurricularViewController.m in Sources */,
				7B62668A15A75DDF00A5879C /* main.m in Sources */,
				7B62668E15A75DDF00A5879C /* FTAppDelegate.m in Sources */,
				7B6266CA15A7614900A5879C /* FTMasterViewController.m in Sources */,
				7B6266CE15A7635F00A5879C /* FTCollegeSearchViewController.m in Sources */,
				7B62670315A76E8400A5879C /* FTExtracurriclarsViewController.m in Sources */,
				7B62673D15A779ED00A5879C /* Extracurricular.m in Sources */,
				7B97BD1D15A7C0A100EF7906 /* FTGradesViewController.m in Sources */,
				7B97BD3815A7C4B900EF7906 /* Grade.m in Sources */,
				7B51E5F315AB357B002F2A2E /* FTCollegeCellView.m in Sources */,
				7B201CF815ACC68600D78D23 /* The_College_App.xcdatamodeld in Sources */,
				7B35F8FA15ADEE6900EFFFE8 /* FTCollegeInfoViewController.m in Sources */,
				7B35F90115ADEFA400EFFFE8 /* FTRangeIndicator.m in Sources */,
				7B12408A15AF10DA006913C3 /* FTWhiteShadowView.m in Sources */,
				7BB663B215AF237A00428A64 /* FTCollegeVisitViewController.m in Sources */,
				7BB663C515AF3A8100428A64 /* College.m in Sources */,
				7B2C582F15B0AF1600D3845B /* FTCollegeVisitPhotosViewController.m in Sources */,
				7B2C583215B0AF2A00D3845B /* FTCollegeVisitNotesViewController.m in Sources */,
				7B2C583B15B0BC3D00D3845B /* FTCollegeVisitRatingsViewController.m in Sources */,
				7B2C583E15B0BD8C00D3845B /* FTCollegeVisitView.m in Sources */,
				7B7B327A15B47B6300625FA6 /* FTStandardizedTestingViewController.m in Sources */,
				7B7B327D15B47C7700625FA6 /* FTRatingsCell.m in Sources */,
				7BCB88C515B4B7C5008BA15C /* FTNavigationCell.m in Sources */,
				7BCB88C815B4BF44008BA15C /* FTNavigationHeader.m in Sources */,
				7B6AF4A015B5BF9C00BE330F /* Visit.m in Sources */,
				7B55D08E15B5E9B200947B2E /* PhotoData.m in Sources */,
				7B55D09115B5E9B300947B2E /* CampusPhoto.m in Sources */,
			);
			runOnlyForDeploymentPostprocessing = 0;
		};
		7B62669215A75DDF00A5879C /* Sources */ = {
			isa = PBXSourcesBuildPhase;
			buildActionMask = 2147483647;
			files = (
				7B6266A715A75DDF00A5879C /* The_College_AppTests.m in Sources */,
				7B6266F515A76BB200A5879C /* NSObject+SBJson.m in Sources */,
				7B6266F615A76BB200A5879C /* SBJsonParser.m in Sources */,
				7B6266F715A76BB200A5879C /* SBJsonStreamParser.m in Sources */,
				7B6266F815A76BB200A5879C /* SBJsonStreamParserAccumulator.m in Sources */,
				7B6266F915A76BB200A5879C /* SBJsonStreamParserAdapter.m in Sources */,
				7B6266FA15A76BB200A5879C /* SBJsonStreamParserState.m in Sources */,
				7B6266FB15A76BB200A5879C /* SBJsonStreamWriter.m in Sources */,
				7B6266FC15A76BB200A5879C /* SBJsonStreamWriterAccumulator.m in Sources */,
				7B6266FD15A76BB200A5879C /* SBJsonStreamWriterState.m in Sources */,
				7B6266FE15A76BB200A5879C /* SBJsonTokeniser.m in Sources */,
				7B6266FF15A76BB200A5879C /* SBJsonUTF8Stream.m in Sources */,
				7B62670015A76BB200A5879C /* SBJsonWriter.m in Sources */,
				7B62670615A773DC00A5879C /* FTExtracurricularCellView.m in Sources */,
				7B62671515A7746400A5879C /* GMGridView.m in Sources */,
				7B62671615A7746400A5879C /* GMGridViewCell.m in Sources */,
				7B62671715A7746400A5879C /* GMGridViewLayoutStrategies.m in Sources */,
				7B62671C15A7746B00A5879C /* UIGestureRecognizer+GMGridViewAdditions.m in Sources */,
				7B62671D15A7746B00A5879C /* UIView+GMGridViewAdditions.m in Sources */,
				7B62672615A776D700A5879C /* FTAddExtracurricularViewController.m in Sources */,
				7B62672F15A7781A00A5879C /* KSCustomPopoverBackgroundView.m in Sources */,
				7B97BD3415A7C2F900EF7906 /* FTAddGradeViewController.m in Sources */,
				7BCB88BB15B4B08F008BA15C /* ECSlidingViewController.m in Sources */,
				7BCB88BC15B4B08F008BA15C /* UIImage+ImageWithUIView.m in Sources */,
				7BCB88C115B4B2A3008BA15C /* InitialSlidingViewController.m in Sources */,
				7B6AF4A915B5C0AC00BE330F /* UIImageToDataTransformer.m in Sources */,
				7B55D08615B5E38500947B2E /* UIImage+ProportionalFill.m in Sources */,
			);
			runOnlyForDeploymentPostprocessing = 0;
		};
/* End PBXSourcesBuildPhase section */

/* Begin PBXTargetDependency section */
		7B62669E15A75DDF00A5879C /* PBXTargetDependency */ = {
			isa = PBXTargetDependency;
			target = 7B62667615A75DDF00A5879C /* The College App */;
			targetProxy = 7B62669D15A75DDF00A5879C /* PBXContainerItemProxy */;
		};
/* End PBXTargetDependency section */

/* Begin PBXVariantGroup section */
		7B62668615A75DDF00A5879C /* InfoPlist.strings */ = {
			isa = PBXVariantGroup;
			children = (
				7B62668715A75DDF00A5879C /* en */,
			);
			name = InfoPlist.strings;
			sourceTree = "<group>";
		};
		7B6266A215A75DDF00A5879C /* InfoPlist.strings */ = {
			isa = PBXVariantGroup;
			children = (
				7B6266A315A75DDF00A5879C /* en */,
			);
			name = InfoPlist.strings;
			sourceTree = "<group>";
		};
/* End PBXVariantGroup section */

/* Begin XCBuildConfiguration section */
		7B6266A815A75DDF00A5879C /* Debug */ = {
			isa = XCBuildConfiguration;
			buildSettings = {
				ALWAYS_SEARCH_USER_PATHS = NO;
				ARCHS = "$(ARCHS_STANDARD_32_BIT)";
				CLANG_ENABLE_OBJC_ARC = YES;
				"CODE_SIGN_IDENTITY[sdk=iphoneos*]" = "iPhone Developer";
				COPY_PHASE_STRIP = NO;
				GCC_C_LANGUAGE_STANDARD = gnu99;
				GCC_DYNAMIC_NO_PIC = NO;
				GCC_OPTIMIZATION_LEVEL = 0;
				GCC_PREPROCESSOR_DEFINITIONS = (
					"DEBUG=1",
					"$(inherited)",
				);
				GCC_SYMBOLS_PRIVATE_EXTERN = NO;
				GCC_VERSION = com.apple.compilers.llvm.clang.1_0;
				GCC_WARN_ABOUT_RETURN_TYPE = YES;
				GCC_WARN_UNINITIALIZED_AUTOS = YES;
				GCC_WARN_UNUSED_VARIABLE = YES;
				IPHONEOS_DEPLOYMENT_TARGET = 5.1;
				SDKROOT = iphoneos;
				TARGETED_DEVICE_FAMILY = "1,2";
			};
			name = Debug;
		};
		7B6266A915A75DDF00A5879C /* Release */ = {
			isa = XCBuildConfiguration;
			buildSettings = {
				ALWAYS_SEARCH_USER_PATHS = NO;
				ARCHS = "$(ARCHS_STANDARD_32_BIT)";
				CLANG_ENABLE_OBJC_ARC = YES;
				"CODE_SIGN_IDENTITY[sdk=iphoneos*]" = "iPhone Developer";
				COPY_PHASE_STRIP = YES;
				GCC_C_LANGUAGE_STANDARD = gnu99;
				GCC_VERSION = com.apple.compilers.llvm.clang.1_0;
				GCC_WARN_ABOUT_RETURN_TYPE = YES;
				GCC_WARN_UNINITIALIZED_AUTOS = YES;
				GCC_WARN_UNUSED_VARIABLE = YES;
				IPHONEOS_DEPLOYMENT_TARGET = 5.1;
				OTHER_CFLAGS = "-DNS_BLOCK_ASSERTIONS=1";
				SDKROOT = iphoneos;
				TARGETED_DEVICE_FAMILY = "1,2";
				VALIDATE_PRODUCT = YES;
			};
			name = Release;
		};
		7B6266AB15A75DDF00A5879C /* Debug */ = {
			isa = XCBuildConfiguration;
			buildSettings = {
				GCC_PRECOMPILE_PREFIX_HEADER = YES;
				GCC_PREFIX_HEADER = "The College App/The College App-Prefix.pch";
				INFOPLIST_FILE = "The College App/The College App-Info.plist";
				IPHONEOS_DEPLOYMENT_TARGET = 5.0;
				PRODUCT_NAME = "$(TARGET_NAME)";
				WRAPPER_EXTENSION = app;
			};
			name = Debug;
		};
		7B6266AC15A75DDF00A5879C /* Release */ = {
			isa = XCBuildConfiguration;
			buildSettings = {
				GCC_PRECOMPILE_PREFIX_HEADER = YES;
				GCC_PREFIX_HEADER = "The College App/The College App-Prefix.pch";
				INFOPLIST_FILE = "The College App/The College App-Info.plist";
				IPHONEOS_DEPLOYMENT_TARGET = 5.0;
				PRODUCT_NAME = "$(TARGET_NAME)";
				WRAPPER_EXTENSION = app;
			};
			name = Release;
		};
		7B6266AE15A75DDF00A5879C /* Debug */ = {
			isa = XCBuildConfiguration;
			buildSettings = {
				BUNDLE_LOADER = "$(BUILT_PRODUCTS_DIR)/The College App.app/The College App";
				FRAMEWORK_SEARCH_PATHS = (
					"$(SDKROOT)/Developer/Library/Frameworks",
					"$(DEVELOPER_LIBRARY_DIR)/Frameworks",
				);
				GCC_PRECOMPILE_PREFIX_HEADER = YES;
				GCC_PREFIX_HEADER = "The College App/The College App-Prefix.pch";
				INFOPLIST_FILE = "The College AppTests/The College AppTests-Info.plist";
				PRODUCT_NAME = "$(TARGET_NAME)";
				TEST_HOST = "$(BUNDLE_LOADER)";
				WRAPPER_EXTENSION = octest;
			};
			name = Debug;
		};
		7B6266AF15A75DDF00A5879C /* Release */ = {
			isa = XCBuildConfiguration;
			buildSettings = {
				BUNDLE_LOADER = "$(BUILT_PRODUCTS_DIR)/The College App.app/The College App";
				FRAMEWORK_SEARCH_PATHS = (
					"$(SDKROOT)/Developer/Library/Frameworks",
					"$(DEVELOPER_LIBRARY_DIR)/Frameworks",
				);
				GCC_PRECOMPILE_PREFIX_HEADER = YES;
				GCC_PREFIX_HEADER = "The College App/The College App-Prefix.pch";
				INFOPLIST_FILE = "The College AppTests/The College AppTests-Info.plist";
				PRODUCT_NAME = "$(TARGET_NAME)";
				TEST_HOST = "$(BUNDLE_LOADER)";
				WRAPPER_EXTENSION = octest;
			};
			name = Release;
		};
/* End XCBuildConfiguration section */

/* Begin XCConfigurationList section */
		7B62667115A75DDF00A5879C /* Build configuration list for PBXProject "The College App" */ = {
			isa = XCConfigurationList;
			buildConfigurations = (
				7B6266A815A75DDF00A5879C /* Debug */,
				7B6266A915A75DDF00A5879C /* Release */,
			);
			defaultConfigurationIsVisible = 0;
			defaultConfigurationName = Release;
		};
		7B6266AA15A75DDF00A5879C /* Build configuration list for PBXNativeTarget "The College App" */ = {
			isa = XCConfigurationList;
			buildConfigurations = (
				7B6266AB15A75DDF00A5879C /* Debug */,
				7B6266AC15A75DDF00A5879C /* Release */,
			);
			defaultConfigurationIsVisible = 0;
			defaultConfigurationName = Release;
		};
		7B6266AD15A75DDF00A5879C /* Build configuration list for PBXNativeTarget "The College AppTests" */ = {
			isa = XCConfigurationList;
			buildConfigurations = (
				7B6266AE15A75DDF00A5879C /* Debug */,
				7B6266AF15A75DDF00A5879C /* Release */,
			);
			defaultConfigurationIsVisible = 0;
			defaultConfigurationName = Release;
		};
/* End XCConfigurationList section */

/* Begin XCVersionGroup section */
		7B201CF615ACC68600D78D23 /* The_College_App.xcdatamodeld */ = {
			isa = XCVersionGroup;
			children = (
				7B201CF715ACC68600D78D23 /* The_College_App.xcdatamodel */,
			);
			currentVersion = 7B201CF715ACC68600D78D23 /* The_College_App.xcdatamodel */;
			path = The_College_App.xcdatamodeld;
			sourceTree = "<group>";
			versionGroupType = wrapper.xcdatamodel;
		};
/* End XCVersionGroup section */
	};
	rootObject = 7B62666E15A75DDF00A5879C /* Project object */;
}
